// !$*UTF8*$!
{
	archiveVersion = 1;
	classes = {
	};
	objectVersion = 46;
	objects = {

/* Begin PBXBuildFile section */
		3669D2C51BFB6A2E00A8C463 /* AppDelegate.swift in Sources */ = {isa = PBXBuildFile; fileRef = 3669D2C41BFB6A2E00A8C463 /* AppDelegate.swift */; };
		3669D2C71BFB6A2E00A8C463 /* ViewController.swift in Sources */ = {isa = PBXBuildFile; fileRef = 3669D2C61BFB6A2E00A8C463 /* ViewController.swift */; };
		3669D2CA1BFB6A2E00A8C463 /* Main.storyboard in Resources */ = {isa = PBXBuildFile; fileRef = 3669D2C81BFB6A2E00A8C463 /* Main.storyboard */; };
		3669D2CC1BFB6A2E00A8C463 /* Assets.xcassets in Resources */ = {isa = PBXBuildFile; fileRef = 3669D2CB1BFB6A2E00A8C463 /* Assets.xcassets */; };
		3669D2CF1BFB6A2E00A8C463 /* LaunchScreen.storyboard in Resources */ = {isa = PBXBuildFile; fileRef = 3669D2CD1BFB6A2E00A8C463 /* LaunchScreen.storyboard */; };
		3669D2DA1BFB6A2E00A8C463 /* FFmpegOpencvSpikeTests.swift in Sources */ = {isa = PBXBuildFile; fileRef = 3669D2D91BFB6A2E00A8C463 /* FFmpegOpencvSpikeTests.swift */; };
		3669D2E51BFB6A2E00A8C463 /* FFmpegOpencvSpikeUITests.swift in Sources */ = {isa = PBXBuildFile; fileRef = 3669D2E41BFB6A2E00A8C463 /* FFmpegOpencvSpikeUITests.swift */; };
/* End PBXBuildFile section */

/* Begin PBXContainerItemProxy section */
		3669D2D61BFB6A2E00A8C463 /* PBXContainerItemProxy */ = {
			isa = PBXContainerItemProxy;
			containerPortal = 3669D2B91BFB6A2E00A8C463 /* Project object */;
			proxyType = 1;
			remoteGlobalIDString = 3669D2C01BFB6A2E00A8C463;
			remoteInfo = FFmpegOpencvSpike;
		};
		3669D2E11BFB6A2E00A8C463 /* PBXContainerItemProxy */ = {
			isa = PBXContainerItemProxy;
			containerPortal = 3669D2B91BFB6A2E00A8C463 /* Project object */;
			proxyType = 1;
			remoteGlobalIDString = 3669D2C01BFB6A2E00A8C463;
			remoteInfo = FFmpegOpencvSpike;
		};
/* End PBXContainerItemProxy section */

/* Begin PBXFileReference section */
		3669D2C11BFB6A2E00A8C463 /* FFmpegOpencvSpike.app */ = {isa = PBXFileReference; explicitFileType = wrapper.application; includeInIndex = 0; path = FFmpegOpencvSpike.app; sourceTree = BUILT_PRODUCTS_DIR; };
		3669D2C41BFB6A2E00A8C463 /* AppDelegate.swift */ = {isa = PBXFileReference; lastKnownFileType = sourcecode.swift; path = AppDelegate.swift; sourceTree = "<group>"; };
		3669D2C61BFB6A2E00A8C463 /* ViewController.swift */ = {isa = PBXFileReference; lastKnownFileType = sourcecode.swift; path = ViewController.swift; sourceTree = "<group>"; };
		3669D2C91BFB6A2E00A8C463 /* Base */ = {isa = PBXFileReference; lastKnownFileType = file.storyboard; name = Base; path = Base.lproj/Main.storyboard; sourceTree = "<group>"; };
		3669D2CB1BFB6A2E00A8C463 /* Assets.xcassets */ = {isa = PBXFileReference; lastKnownFileType = folder.assetcatalog; path = Assets.xcassets; sourceTree = "<group>"; };
		3669D2CE1BFB6A2E00A8C463 /* Base */ = {isa = PBXFileReference; lastKnownFileType = file.storyboard; name = Base; path = Base.lproj/LaunchScreen.storyboard; sourceTree = "<group>"; };
		3669D2D01BFB6A2E00A8C463 /* Info.plist */ = {isa = PBXFileReference; lastKnownFileType = text.plist.xml; path = Info.plist; sourceTree = "<group>"; };
		3669D2D51BFB6A2E00A8C463 /* FFmpegOpencvSpikeTests.xctest */ = {isa = PBXFileReference; explicitFileType = wrapper.cfbundle; includeInIndex = 0; path = FFmpegOpencvSpikeTests.xctest; sourceTree = BUILT_PRODUCTS_DIR; };
		3669D2D91BFB6A2E00A8C463 /* FFmpegOpencvSpikeTests.swift */ = {isa = PBXFileReference; lastKnownFileType = sourcecode.swift; path = FFmpegOpencvSpikeTests.swift; sourceTree = "<group>"; };
		3669D2DB1BFB6A2E00A8C463 /* Info.plist */ = {isa = PBXFileReference; lastKnownFileType = text.plist.xml; path = Info.plist; sourceTree = "<group>"; };
		3669D2E01BFB6A2E00A8C463 /* FFmpegOpencvSpikeUITests.xctest */ = {isa = PBXFileReference; explicitFileType = wrapper.cfbundle; includeInIndex = 0; path = FFmpegOpencvSpikeUITests.xctest; sourceTree = BUILT_PRODUCTS_DIR; };
		3669D2E41BFB6A2E00A8C463 /* FFmpegOpencvSpikeUITests.swift */ = {isa = PBXFileReference; lastKnownFileType = sourcecode.swift; path = FFmpegOpencvSpikeUITests.swift; sourceTree = "<group>"; };
		3669D2E61BFB6A2E00A8C463 /* Info.plist */ = {isa = PBXFileReference; lastKnownFileType = text.plist.xml; path = Info.plist; sourceTree = "<group>"; };
/* End PBXFileReference section */

/* Begin PBXFrameworksBuildPhase section */
		3669D2BE1BFB6A2E00A8C463 /* Frameworks */ = {
			isa = PBXFrameworksBuildPhase;
			buildActionMask = 2147483647;
			files = (
			);
			runOnlyForDeploymentPostprocessing = 0;
		};
		3669D2D21BFB6A2E00A8C463 /* Frameworks */ = {
			isa = PBXFrameworksBuildPhase;
			buildActionMask = 2147483647;
			files = (
			);
			runOnlyForDeploymentPostprocessing = 0;
		};
		3669D2DD1BFB6A2E00A8C463 /* Frameworks */ = {
			isa = PBXFrameworksBuildPhase;
			buildActionMask = 2147483647;
			files = (
			);
			runOnlyForDeploymentPostprocessing = 0;
		};
/* End PBXFrameworksBuildPhase section */

/* Begin PBXGroup section */
		3669D2B81BFB6A2E00A8C463 = {
			isa = PBXGroup;
			children = (
				3669D2C31BFB6A2E00A8C463 /* FFmpegOpencvSpike */,
				3669D2D81BFB6A2E00A8C463 /* FFmpegOpencvSpikeTests */,
				3669D2E31BFB6A2E00A8C463 /* FFmpegOpencvSpikeUITests */,
				3669D2C21BFB6A2E00A8C463 /* Products */,
			);
			sourceTree = "<group>";
		};
		3669D2C21BFB6A2E00A8C463 /* Products */ = {
			isa = PBXGroup;
			children = (
				3669D2C11BFB6A2E00A8C463 /* FFmpegOpencvSpike.app */,
				3669D2D51BFB6A2E00A8C463 /* FFmpegOpencvSpikeTests.xctest */,
				3669D2E01BFB6A2E00A8C463 /* FFmpegOpencvSpikeUITests.xctest */,
			);
			name = Products;
			sourceTree = "<group>";
		};
		3669D2C31BFB6A2E00A8C463 /* FFmpegOpencvSpike */ = {
			isa = PBXGroup;
			children = (
				3669D2C41BFB6A2E00A8C463 /* AppDelegate.swift */,
				3669D2C61BFB6A2E00A8C463 /* ViewController.swift */,
				3669D2C81BFB6A2E00A8C463 /* Main.storyboard */,
				3669D2CB1BFB6A2E00A8C463 /* Assets.xcassets */,
				3669D2CD1BFB6A2E00A8C463 /* LaunchScreen.storyboard */,
				3669D2D01BFB6A2E00A8C463 /* Info.plist */,
			);
			path = FFmpegOpencvSpike;
			sourceTree = "<group>";
		};
		3669D2D81BFB6A2E00A8C463 /* FFmpegOpencvSpikeTests */ = {
			isa = PBXGroup;
			children = (
				3669D2D91BFB6A2E00A8C463 /* FFmpegOpencvSpikeTests.swift */,
				3669D2DB1BFB6A2E00A8C463 /* Info.plist */,
			);
			path = FFmpegOpencvSpikeTests;
			sourceTree = "<group>";
		};
		3669D2E31BFB6A2E00A8C463 /* FFmpegOpencvSpikeUITests */ = {
			isa = PBXGroup;
			children = (
				3669D2E41BFB6A2E00A8C463 /* FFmpegOpencvSpikeUITests.swift */,
				3669D2E61BFB6A2E00A8C463 /* Info.plist */,
			);
			path = FFmpegOpencvSpikeUITests;
			sourceTree = "<group>";
		};
/* End PBXGroup section */

/* Begin PBXNativeTarget section */
		3669D2C01BFB6A2E00A8C463 /* FFmpegOpencvSpike */ = {
			isa = PBXNativeTarget;
			buildConfigurationList = 3669D2E91BFB6A2E00A8C463 /* Build configuration list for PBXNativeTarget "FFmpegOpencvSpike" */;
			buildPhases = (
				3669D2BD1BFB6A2E00A8C463 /* Sources */,
				3669D2BE1BFB6A2E00A8C463 /* Frameworks */,
				3669D2BF1BFB6A2E00A8C463 /* Resources */,
			);
			buildRules = (
			);
			dependencies = (
			);
			name = FFmpegOpencvSpike;
			productName = FFmpegOpencvSpike;
			productReference = 3669D2C11BFB6A2E00A8C463 /* FFmpegOpencvSpike.app */;
			productType = "com.apple.product-type.application";
		};
		3669D2D41BFB6A2E00A8C463 /* FFmpegOpencvSpikeTests */ = {
			isa = PBXNativeTarget;
			buildConfigurationList = 3669D2EC1BFB6A2E00A8C463 /* Build configuration list for PBXNativeTarget "FFmpegOpencvSpikeTests" */;
			buildPhases = (
				3669D2D11BFB6A2E00A8C463 /* Sources */,
				3669D2D21BFB6A2E00A8C463 /* Frameworks */,
				3669D2D31BFB6A2E00A8C463 /* Resources */,
			);
			buildRules = (
			);
			dependencies = (
				3669D2D71BFB6A2E00A8C463 /* PBXTargetDependency */,
			);
			name = FFmpegOpencvSpikeTests;
			productName = FFmpegOpencvSpikeTests;
			productReference = 3669D2D51BFB6A2E00A8C463 /* FFmpegOpencvSpikeTests.xctest */;
			productType = "com.apple.product-type.bundle.unit-test";
		};
		3669D2DF1BFB6A2E00A8C463 /* FFmpegOpencvSpikeUITests */ = {
			isa = PBXNativeTarget;
			buildConfigurationList = 3669D2EF1BFB6A2E00A8C463 /* Build configuration list for PBXNativeTarget "FFmpegOpencvSpikeUITests" */;
			buildPhases = (
				3669D2DC1BFB6A2E00A8C463 /* Sources */,
				3669D2DD1BFB6A2E00A8C463 /* Frameworks */,
				3669D2DE1BFB6A2E00A8C463 /* Resources */,
			);
			buildRules = (
			);
			dependencies = (
				3669D2E21BFB6A2E00A8C463 /* PBXTargetDependency */,
			);
			name = FFmpegOpencvSpikeUITests;
			productName = FFmpegOpencvSpikeUITests;
			productReference = 3669D2E01BFB6A2E00A8C463 /* FFmpegOpencvSpikeUITests.xctest */;
			productType = "com.apple.product-type.bundle.ui-testing";
		};
/* End PBXNativeTarget section */

/* Begin PBXProject section */
		3669D2B91BFB6A2E00A8C463 /* Project object */ = {
			isa = PBXProject;
			attributes = {
				LastSwiftUpdateCheck = 0710;
				LastUpgradeCheck = 0710;
				ORGANIZATIONNAME = "Bearch Inc";
				TargetAttributes = {
					3669D2C01BFB6A2E00A8C463 = {
						CreatedOnToolsVersion = 7.1;
					};
					3669D2D41BFB6A2E00A8C463 = {
						CreatedOnToolsVersion = 7.1;
						TestTargetID = 3669D2C01BFB6A2E00A8C463;
					};
					3669D2DF1BFB6A2E00A8C463 = {
						CreatedOnToolsVersion = 7.1;
						TestTargetID = 3669D2C01BFB6A2E00A8C463;
					};
				};
			};
			buildConfigurationList = 3669D2BC1BFB6A2E00A8C463 /* Build configuration list for PBXProject "FFmpegOpencvSpike" */;
			compatibilityVersion = "Xcode 3.2";
			developmentRegion = English;
			hasScannedForEncodings = 0;
			knownRegions = (
				en,
				Base,
			);
			mainGroup = 3669D2B81BFB6A2E00A8C463;
			productRefGroup = 3669D2C21BFB6A2E00A8C463 /* Products */;
			projectDirPath = "";
			projectRoot = "";
			targets = (
				3669D2C01BFB6A2E00A8C463 /* FFmpegOpencvSpike */,
				3669D2D41BFB6A2E00A8C463 /* FFmpegOpencvSpikeTests */,
				3669D2DF1BFB6A2E00A8C463 /* FFmpegOpencvSpikeUITests */,
			);
		};
/* End PBXProject section */

/* Begin PBXResourcesBuildPhase section */
		3669D2BF1BFB6A2E00A8C463 /* Resources */ = {
			isa = PBXResourcesBuildPhase;
			buildActionMask = 2147483647;
			files = (
				3669D2CF1BFB6A2E00A8C463 /* LaunchScreen.storyboard in Resources */,
				3669D2CC1BFB6A2E00A8C463 /* Assets.xcassets in Resources */,
				3669D2CA1BFB6A2E00A8C463 /* Main.storyboard in Resources */,
			);
			runOnlyForDeploymentPostprocessing = 0;
		};
		3669D2D31BFB6A2E00A8C463 /* Resources */ = {
			isa = PBXResourcesBuildPhase;
			buildActionMask = 2147483647;
			files = (
			);
			runOnlyForDeploymentPostprocessing = 0;
		};
		3669D2DE1BFB6A2E00A8C463 /* Resources */ = {
			isa = PBXResourcesBuildPhase;
			buildActionMask = 2147483647;
			files = (
			);
			runOnlyForDeploymentPostprocessing = 0;
		};
/* End PBXResourcesBuildPhase section */

/* Begin PBXSourcesBuildPhase section */
		3669D2BD1BFB6A2E00A8C463 /* Sources */ = {
			isa = PBXSourcesBuildPhase;
			buildActionMask = 2147483647;
			files = (
				3669D2C71BFB6A2E00A8C463 /* ViewController.swift in Sources */,
				3669D2C51BFB6A2E00A8C463 /* AppDelegate.swift in Sources */,
			);
			runOnlyForDeploymentPostprocessing = 0;
		};
		3669D2D11BFB6A2E00A8C463 /* Sources */ = {
			isa = PBXSourcesBuildPhase;
			buildActionMask = 2147483647;
			files = (
				3669D2DA1BFB6A2E00A8C463 /* FFmpegOpencvSpikeTests.swift in Sources */,
			);
			runOnlyForDeploymentPostprocessing = 0;
		};
		3669D2DC1BFB6A2E00A8C463 /* Sources */ = {
			isa = PBXSourcesBuildPhase;
			buildActionMask = 2147483647;
			files = (
				3669D2E51BFB6A2E00A8C463 /* FFmpegOpencvSpikeUITests.swift in Sources */,
			);
			runOnlyForDeploymentPostprocessing = 0;
		};
/* End PBXSourcesBuildPhase section */

/* Begin PBXTargetDependency section */
		3669D2D71BFB6A2E00A8C463 /* PBXTargetDependency */ = {
			isa = PBXTargetDependency;
			target = 3669D2C01BFB6A2E00A8C463 /* FFmpegOpencvSpike */;
			targetProxy = 3669D2D61BFB6A2E00A8C463 /* PBXContainerItemProxy */;
		};
		3669D2E21BFB6A2E00A8C463 /* PBXTargetDependency */ = {
			isa = PBXTargetDependency;
			target = 3669D2C01BFB6A2E00A8C463 /* FFmpegOpencvSpike */;
			targetProxy = 3669D2E11BFB6A2E00A8C463 /* PBXContainerItemProxy */;
		};
/* End PBXTargetDependency section */

/* Begin PBXVariantGroup section */
		3669D2C81BFB6A2E00A8C463 /* Main.storyboard */ = {
			isa = PBXVariantGroup;
			children = (
				3669D2C91BFB6A2E00A8C463 /* Base */,
			);
			name = Main.storyboard;
			sourceTree = "<group>";
		};
		3669D2CD1BFB6A2E00A8C463 /* LaunchScreen.storyboard */ = {
			isa = PBXVariantGroup;
			children = (
				3669D2CE1BFB6A2E00A8C463 /* Base */,
			);
			name = LaunchScreen.storyboard;
			sourceTree = "<group>";
		};
/* End PBXVariantGroup section */

/* Begin XCBuildConfiguration section */
		3669D2E71BFB6A2E00A8C463 /* Debug */ = {
			isa = XCBuildConfiguration;
			buildSettings = {
				ALWAYS_SEARCH_USER_PATHS = NO;
				CLANG_CXX_LANGUAGE_STANDARD = "gnu++0x";
				CLANG_CXX_LIBRARY = "libc++";
				CLANG_ENABLE_MODULES = YES;
				CLANG_ENABLE_OBJC_ARC = YES;
				CLANG_WARN_BOOL_CONVERSION = YES;
				CLANG_WARN_CONSTANT_CONVERSION = YES;
				CLANG_WARN_DIRECT_OBJC_ISA_USAGE = YES_ERROR;
				CLANG_WARN_EMPTY_BODY = YES;
				CLANG_WARN_ENUM_CONVERSION = YES;
				CLANG_WARN_INT_CONVERSION = YES;
				CLANG_WARN_OBJC_ROOT_CLASS = YES_ERROR;
				CLANG_WARN_UNREACHABLE_CODE = YES;
				CLANG_WARN__DUPLICATE_METHOD_MATCH = YES;
				"CODE_SIGN_IDENTITY[sdk=iphoneos*]" = "iPhone Developer";
				COPY_PHASE_STRIP = NO;
				DEBUG_INFORMATION_FORMAT = dwarf;
				ENABLE_STRICT_OBJC_MSGSEND = YES;
				ENABLE_TESTABILITY = YES;
				GCC_C_LANGUAGE_STANDARD = gnu99;
				GCC_DYNAMIC_NO_PIC = NO;
				GCC_NO_COMMON_BLOCKS = YES;
				GCC_OPTIMIZATION_LEVEL = 0;
				GCC_PREPROCESSOR_DEFINITIONS = (
					"DEBUG=1",
					"$(inherited)",
				);
				GCC_WARN_64_TO_32_BIT_CONVERSION = YES;
				GCC_WARN_ABOUT_RETURN_TYPE = YES_ERROR;
				GCC_WARN_UNDECLARED_SELECTOR = YES;
				GCC_WARN_UNINITIALIZED_AUTOS = YES_AGGRESSIVE;
				GCC_WARN_UNUSED_FUNCTION = YES;
				GCC_WARN_UNUSED_VARIABLE = YES;
				IPHONEOS_DEPLOYMENT_TARGET = 9.1;
				MTL_ENABLE_DEBUG_INFO = YES;
				ONLY_ACTIVE_ARCH = YES;
				SDKROOT = iphoneos;
				SWIFT_OPTIMIZATION_LEVEL = "-Onone";
				TARGETED_DEVICE_FAMILY = "1,2";
			};
			name = Debug;
		};
		3669D2E81BFB6A2E00A8C463 /* Release */ = {
			isa = XCBuildConfiguration;
			buildSettings = {
				ALWAYS_SEARCH_USER_PATHS = NO;
				CLANG_CXX_LANGUAGE_STANDARD = "gnu++0x";
				CLANG_CXX_LIBRARY = "libc++";
				CLANG_ENABLE_MODULES = YES;
				CLANG_ENABLE_OBJC_ARC = YES;
				CLANG_WARN_BOOL_CONVERSION = YES;
				CLANG_WARN_CONSTANT_CONVERSION = YES;
				CLANG_WARN_DIRECT_OBJC_ISA_USAGE = YES_ERROR;
				CLANG_WARN_EMPTY_BODY = YES;
				CLANG_WARN_ENUM_CONVERSION = YES;
				CLANG_WARN_INT_CONVERSION = YES;
				CLANG_WARN_OBJC_ROOT_CLASS = YES_ERROR;
				CLANG_WARN_UNREACHABLE_CODE = YES;
				CLANG_WARN__DUPLICATE_METHOD_MATCH = YES;
				"CODE_SIGN_IDENTITY[sdk=iphoneos*]" = "iPhone Developer";
				COPY_PHASE_STRIP = NO;
				DEBUG_INFORMATION_FORMAT = "dwarf-with-dsym";
				ENABLE_NS_ASSERTIONS = NO;
				ENABLE_STRICT_OBJC_MSGSEND = YES;
				GCC_C_LANGUAGE_STANDARD = gnu99;
				GCC_NO_COMMON_BLOCKS = YES;
				GCC_WARN_64_TO_32_BIT_CONVERSION = YES;
				GCC_WARN_ABOUT_RETURN_TYPE = YES_ERROR;
				GCC_WARN_UNDECLARED_SELECTOR = YES;
				GCC_WARN_UNINITIALIZED_AUTOS = YES_AGGRESSIVE;
				GCC_WARN_UNUSED_FUNCTION = YES;
				GCC_WARN_UNUSED_VARIABLE = YES;
				IPHONEOS_DEPLOYMENT_TARGET = 9.1;
				MTL_ENABLE_DEBUG_INFO = NO;
				SDKROOT = iphoneos;
				TARGETED_DEVICE_FAMILY = "1,2";
				VALIDATE_PRODUCT = YES;
			};
			name = Release;
		};
		3669D2EA1BFB6A2E00A8C463 /* Debug */ = {
			isa = XCBuildConfiguration;
			buildSettings = {
				ASSETCATALOG_COMPILER_APPICON_NAME = AppIcon;
				INFOPLIST_FILE = FFmpegOpencvSpike/Info.plist;
				LD_RUNPATH_SEARCH_PATHS = "$(inherited) @executable_path/Frameworks";
				PRODUCT_BUNDLE_IDENTIFIER = com.bearch.FFmpegOpencvSpike;
				PRODUCT_NAME = "$(TARGET_NAME)";
			};
			name = Debug;
		};
		3669D2EB1BFB6A2E00A8C463 /* Release */ = {
			isa = XCBuildConfiguration;
			buildSettings = {
				ASSETCATALOG_COMPILER_APPICON_NAME = AppIcon;
				INFOPLIST_FILE = FFmpegOpencvSpike/Info.plist;
				LD_RUNPATH_SEARCH_PATHS = "$(inherited) @executable_path/Frameworks";
				PRODUCT_BUNDLE_IDENTIFIER = com.bearch.FFmpegOpencvSpike;
				PRODUCT_NAME = "$(TARGET_NAME)";
			};
			name = Release;
		};
		3669D2ED1BFB6A2E00A8C463 /* Debug */ = {
			isa = XCBuildConfiguration;
			buildSettings = {
				BUNDLE_LOADER = "$(TEST_HOST)";
				INFOPLIST_FILE = FFmpegOpencvSpikeTests/Info.plist;
				LD_RUNPATH_SEARCH_PATHS = "$(inherited) @executable_path/Frameworks @loader_path/Frameworks";
				PRODUCT_BUNDLE_IDENTIFIER = com.bearch.FFmpegOpencvSpikeTests;
				PRODUCT_NAME = "$(TARGET_NAME)";
				TEST_HOST = "$(BUILT_PRODUCTS_DIR)/FFmpegOpencvSpike.app/FFmpegOpencvSpike";
			};
			name = Debug;
		};
		3669D2EE1BFB6A2E00A8C463 /* Release */ = {
			isa = XCBuildConfiguration;
			buildSettings = {
				BUNDLE_LOADER = "$(TEST_HOST)";
				INFOPLIST_FILE = FFmpegOpencvSpikeTests/Info.plist;
				LD_RUNPATH_SEARCH_PATHS = "$(inherited) @executable_path/Frameworks @loader_path/Frameworks";
				PRODUCT_BUNDLE_IDENTIFIER = com.bearch.FFmpegOpencvSpikeTests;
				PRODUCT_NAME = "$(TARGET_NAME)";
				TEST_HOST = "$(BUILT_PRODUCTS_DIR)/FFmpegOpencvSpike.app/FFmpegOpencvSpike";
			};
			name = Release;
		};
		3669D2F01BFB6A2E00A8C463 /* Debug */ = {
			isa = XCBuildConfiguration;
			buildSettings = {
				INFOPLIST_FILE = FFmpegOpencvSpikeUITests/Info.plist;
				LD_RUNPATH_SEARCH_PATHS = "$(inherited) @executable_path/Frameworks @loader_path/Frameworks";
				PRODUCT_BUNDLE_IDENTIFIER = com.bearch.FFmpegOpencvSpikeUITests;
				PRODUCT_NAME = "$(TARGET_NAME)";
				TEST_TARGET_NAME = FFmpegOpencvSpike;
				USES_XCTRUNNER = YES;
			};
			name = Debug;
		};
		3669D2F11BFB6A2E00A8C463 /* Release */ = {
			isa = XCBuildConfiguration;
			buildSettings = {
				INFOPLIST_FILE = FFmpegOpencvSpikeUITests/Info.plist;
				LD_RUNPATH_SEARCH_PATHS = "$(inherited) @executable_path/Frameworks @loader_path/Frameworks";
				PRODUCT_BUNDLE_IDENTIFIER = com.bearch.FFmpegOpencvSpikeUITests;
				PRODUCT_NAME = "$(TARGET_NAME)";
				TEST_TARGET_NAME = FFmpegOpencvSpike;
				USES_XCTRUNNER = YES;
			};
			name = Release;
		};
/* End XCBuildConfiguration section */

/* Begin XCConfigurationList section */
		3669D2BC1BFB6A2E00A8C463 /* Build configuration list for PBXProject "FFmpegOpencvSpike" */ = {
			isa = XCConfigurationList;
			buildConfigurations = (
				3669D2E71BFB6A2E00A8C463 /* Debug */,
				3669D2E81BFB6A2E00A8C463 /* Release */,
			);
			defaultConfigurationIsVisible = 0;
			defaultConfigurationName = Release;
		};
		3669D2E91BFB6A2E00A8C463 /* Build configuration list for PBXNativeTarget "FFmpegOpencvSpike" */ = {
			isa = XCConfigurationList;
			buildConfigurations = (
				3669D2EA1BFB6A2E00A8C463 /* Debug */,
				3669D2EB1BFB6A2E00A8C463 /* Release */,
			);
			defaultConfigurationIsVisible = 0;
		};
		3669D2EC1BFB6A2E00A8C463 /* Build configuration list for PBXNativeTarget "FFmpegOpencvSpikeTests" */ = {
			isa = XCConfigurationList;
			buildConfigurations = (
				3669D2ED1BFB6A2E00A8C463 /* Debug */,
				3669D2EE1BFB6A2E00A8C463 /* Release */,
			);
			defaultConfigurationIsVisible = 0;
		};
		3669D2EF1BFB6A2E00A8C463 /* Build configuration list for PBXNativeTarget "FFmpegOpencvSpikeUITests" */ = {
			isa = XCConfigurationList;
			buildConfigurations = (
				3669D2F01BFB6A2E00A8C463 /* Debug */,
				3669D2F11BFB6A2E00A8C463 /* Release */,
			);
			defaultConfigurationIsVisible = 0;
		};
/* End XCConfigurationList section */
	};
	rootObject = 3669D2B91BFB6A2E00A8C463 /* Project object */;
}
