// !$*UTF8*$!
{
	archiveVersion = 1;
	classes = {
	};
	objectVersion = 46;
	objects = {

/* Begin PBXBuildFile section */
		3669D2C51BFB6A2E00A8C463 /* AppDelegate.swift in Sources */ = {isa = PBXBuildFile; fileRef = 3669D2C41BFB6A2E00A8C463 /* AppDelegate.swift */; };
		3669D2CA1BFB6A2E00A8C463 /* Main.storyboard in Resources */ = {isa = PBXBuildFile; fileRef = 3669D2C81BFB6A2E00A8C463 /* Main.storyboard */; };
		3669D2CC1BFB6A2E00A8C463 /* Assets.xcassets in Resources */ = {isa = PBXBuildFile; fileRef = 3669D2CB1BFB6A2E00A8C463 /* Assets.xcassets */; };
		3669D2CF1BFB6A2E00A8C463 /* LaunchScreen.storyboard in Resources */ = {isa = PBXBuildFile; fileRef = 3669D2CD1BFB6A2E00A8C463 /* LaunchScreen.storyboard */; };
		3669D2DA1BFB6A2E00A8C463 /* FFmpegOpencvSpikeTests.swift in Sources */ = {isa = PBXBuildFile; fileRef = 3669D2D91BFB6A2E00A8C463 /* FFmpegOpencvSpikeTests.swift */; };
		3669D2E51BFB6A2E00A8C463 /* FFmpegOpencvSpikeUITests.swift in Sources */ = {isa = PBXBuildFile; fileRef = 3669D2E41BFB6A2E00A8C463 /* FFmpegOpencvSpikeUITests.swift */; };
		3669D2F61BFB884000A8C463 /* libjpeg.a in Frameworks */ = {isa = PBXBuildFile; fileRef = 3669D2F51BFB884000A8C463 /* libjpeg.a */; };
		3669D2F91BFB88E600A8C463 /* ViewController.swift in Sources */ = {isa = PBXBuildFile; fileRef = 3669D2F81BFB88E600A8C463 /* ViewController.swift */; };
		3669D2FD1BFB8A5600A8C463 /* CVConverters.mm in Sources */ = {isa = PBXBuildFile; fileRef = 3669D2FC1BFB8A5600A8C463 /* CVConverters.mm */; };
		3669D3E81BFB9CC900A8C463 /* libavcodec.a in Frameworks */ = {isa = PBXBuildFile; fileRef = 3669D3DE1BFB9CC900A8C463 /* libavcodec.a */; };
		3669D3E91BFB9CC900A8C463 /* libavdevice.a in Frameworks */ = {isa = PBXBuildFile; fileRef = 3669D3DF1BFB9CC900A8C463 /* libavdevice.a */; };
		3669D3EA1BFB9CC900A8C463 /* libavfilter.a in Frameworks */ = {isa = PBXBuildFile; fileRef = 3669D3E01BFB9CC900A8C463 /* libavfilter.a */; };
		3669D3EB1BFB9CC900A8C463 /* libavformat.a in Frameworks */ = {isa = PBXBuildFile; fileRef = 3669D3E11BFB9CC900A8C463 /* libavformat.a */; };
		3669D3EC1BFB9CC900A8C463 /* libavutil.a in Frameworks */ = {isa = PBXBuildFile; fileRef = 3669D3E21BFB9CC900A8C463 /* libavutil.a */; };
		3669D3ED1BFB9CC900A8C463 /* libfaac.a in Frameworks */ = {isa = PBXBuildFile; fileRef = 3669D3E31BFB9CC900A8C463 /* libfaac.a */; };
		3669D3EE1BFB9CC900A8C463 /* libpostproc.a in Frameworks */ = {isa = PBXBuildFile; fileRef = 3669D3E41BFB9CC900A8C463 /* libpostproc.a */; };
		3669D3EF1BFB9CC900A8C463 /* libswresample.a in Frameworks */ = {isa = PBXBuildFile; fileRef = 3669D3E51BFB9CC900A8C463 /* libswresample.a */; };
		3669D3F01BFB9CC900A8C463 /* libswscale.a in Frameworks */ = {isa = PBXBuildFile; fileRef = 3669D3E61BFB9CC900A8C463 /* libswscale.a */; };
		3669D3F11BFB9CC900A8C463 /* libx264.a in Frameworks */ = {isa = PBXBuildFile; fileRef = 3669D3E71BFB9CC900A8C463 /* libx264.a */; };
		D3FEFABBA1EFC1A60841332D /* libPods-FFmpegOpencvSpike.a in Frameworks */ = {isa = PBXBuildFile; fileRef = 9074DB6CE0290C9EE3F00FF9 /* libPods-FFmpegOpencvSpike.a */; };
/* End PBXBuildFile section */

/* Begin PBXContainerItemProxy section */
		3669D2D61BFB6A2E00A8C463 /* PBXContainerItemProxy */ = {
			isa = PBXContainerItemProxy;
			containerPortal = 3669D2B91BFB6A2E00A8C463 /* Project object */;
			proxyType = 1;
			remoteGlobalIDString = 3669D2C01BFB6A2E00A8C463;
			remoteInfo = FFmpegOpencvSpike;
		};
		3669D2E11BFB6A2E00A8C463 /* PBXContainerItemProxy */ = {
			isa = PBXContainerItemProxy;
			containerPortal = 3669D2B91BFB6A2E00A8C463 /* Project object */;
			proxyType = 1;
			remoteGlobalIDString = 3669D2C01BFB6A2E00A8C463;
			remoteInfo = FFmpegOpencvSpike;
		};
/* End PBXContainerItemProxy section */

/* Begin PBXFileReference section */
		259AA673E906B57ADCA6F844 /* Pods-FFmpegOpencvSpike.debug.xcconfig */ = {isa = PBXFileReference; includeInIndex = 1; lastKnownFileType = text.xcconfig; name = "Pods-FFmpegOpencvSpike.debug.xcconfig"; path = "Pods/Target Support Files/Pods-FFmpegOpencvSpike/Pods-FFmpegOpencvSpike.debug.xcconfig"; sourceTree = "<group>"; };
		3669D2C11BFB6A2E00A8C463 /* FFmpegOpencvSpike.app */ = {isa = PBXFileReference; explicitFileType = wrapper.application; includeInIndex = 0; path = FFmpegOpencvSpike.app; sourceTree = BUILT_PRODUCTS_DIR; };
		3669D2C41BFB6A2E00A8C463 /* AppDelegate.swift */ = {isa = PBXFileReference; lastKnownFileType = sourcecode.swift; path = AppDelegate.swift; sourceTree = "<group>"; };
		3669D2C91BFB6A2E00A8C463 /* Base */ = {isa = PBXFileReference; lastKnownFileType = file.storyboard; name = Base; path = Base.lproj/Main.storyboard; sourceTree = "<group>"; };
		3669D2CB1BFB6A2E00A8C463 /* Assets.xcassets */ = {isa = PBXFileReference; lastKnownFileType = folder.assetcatalog; path = Assets.xcassets; sourceTree = "<group>"; };
		3669D2CE1BFB6A2E00A8C463 /* Base */ = {isa = PBXFileReference; lastKnownFileType = file.storyboard; name = Base; path = Base.lproj/LaunchScreen.storyboard; sourceTree = "<group>"; };
		3669D2D01BFB6A2E00A8C463 /* Info.plist */ = {isa = PBXFileReference; lastKnownFileType = text.plist.xml; path = Info.plist; sourceTree = "<group>"; };
		3669D2D51BFB6A2E00A8C463 /* FFmpegOpencvSpikeTests.xctest */ = {isa = PBXFileReference; explicitFileType = wrapper.cfbundle; includeInIndex = 0; path = FFmpegOpencvSpikeTests.xctest; sourceTree = BUILT_PRODUCTS_DIR; };
		3669D2D91BFB6A2E00A8C463 /* FFmpegOpencvSpikeTests.swift */ = {isa = PBXFileReference; lastKnownFileType = sourcecode.swift; path = FFmpegOpencvSpikeTests.swift; sourceTree = "<group>"; };
		3669D2DB1BFB6A2E00A8C463 /* Info.plist */ = {isa = PBXFileReference; lastKnownFileType = text.plist.xml; path = Info.plist; sourceTree = "<group>"; };
		3669D2E01BFB6A2E00A8C463 /* FFmpegOpencvSpikeUITests.xctest */ = {isa = PBXFileReference; explicitFileType = wrapper.cfbundle; includeInIndex = 0; path = FFmpegOpencvSpikeUITests.xctest; sourceTree = BUILT_PRODUCTS_DIR; };
		3669D2E41BFB6A2E00A8C463 /* FFmpegOpencvSpikeUITests.swift */ = {isa = PBXFileReference; lastKnownFileType = sourcecode.swift; path = FFmpegOpencvSpikeUITests.swift; sourceTree = "<group>"; };
		3669D2E61BFB6A2E00A8C463 /* Info.plist */ = {isa = PBXFileReference; lastKnownFileType = text.plist.xml; path = Info.plist; sourceTree = "<group>"; };
		3669D2F51BFB884000A8C463 /* libjpeg.a */ = {isa = PBXFileReference; lastKnownFileType = archive.ar; path = libjpeg.a; sourceTree = "<group>"; };
		3669D2F81BFB88E600A8C463 /* ViewController.swift */ = {isa = PBXFileReference; fileEncoding = 4; lastKnownFileType = sourcecode.swift; path = ViewController.swift; sourceTree = "<group>"; };
		3669D2FC1BFB8A5600A8C463 /* CVConverters.mm */ = {isa = PBXFileReference; fileEncoding = 4; lastKnownFileType = sourcecode.cpp.objcpp; path = CVConverters.mm; sourceTree = "<group>"; };
		3669D2FE1BFB8A8400A8C463 /* FFmpegOpencvSpike-Bridging-Header.h */ = {isa = PBXFileReference; lastKnownFileType = sourcecode.c.h; path = "FFmpegOpencvSpike-Bridging-Header.h"; sourceTree = "<group>"; };
		3669D2FF1BFB8C4000A8C463 /* CVConverters.h */ = {isa = PBXFileReference; lastKnownFileType = sourcecode.c.h; path = CVConverters.h; sourceTree = "<group>"; };
		3669D3781BFB9CC900A8C463 /* avcodec.h */ = {isa = PBXFileReference; fileEncoding = 4; lastKnownFileType = sourcecode.c.h; path = avcodec.h; sourceTree = "<group>"; };
		3669D3791BFB9CC900A8C463 /* avfft.h */ = {isa = PBXFileReference; fileEncoding = 4; lastKnownFileType = sourcecode.c.h; path = avfft.h; sourceTree = "<group>"; };
		3669D37A1BFB9CC900A8C463 /* d3d11va.h */ = {isa = PBXFileReference; fileEncoding = 4; lastKnownFileType = sourcecode.c.h; path = d3d11va.h; sourceTree = "<group>"; };
		3669D37B1BFB9CC900A8C463 /* dv_profile.h */ = {isa = PBXFileReference; fileEncoding = 4; lastKnownFileType = sourcecode.c.h; path = dv_profile.h; sourceTree = "<group>"; };
		3669D37C1BFB9CC900A8C463 /* dxva2.h */ = {isa = PBXFileReference; fileEncoding = 4; lastKnownFileType = sourcecode.c.h; path = dxva2.h; sourceTree = "<group>"; };
		3669D37D1BFB9CC900A8C463 /* old_codec_ids.h */ = {isa = PBXFileReference; fileEncoding = 4; lastKnownFileType = sourcecode.c.h; path = old_codec_ids.h; sourceTree = "<group>"; };
		3669D37E1BFB9CC900A8C463 /* qsv.h */ = {isa = PBXFileReference; fileEncoding = 4; lastKnownFileType = sourcecode.c.h; path = qsv.h; sourceTree = "<group>"; };
		3669D37F1BFB9CC900A8C463 /* vaapi.h */ = {isa = PBXFileReference; fileEncoding = 4; lastKnownFileType = sourcecode.c.h; path = vaapi.h; sourceTree = "<group>"; };
		3669D3801BFB9CC900A8C463 /* vda.h */ = {isa = PBXFileReference; fileEncoding = 4; lastKnownFileType = sourcecode.c.h; path = vda.h; sourceTree = "<group>"; };
		3669D3811BFB9CC900A8C463 /* vdpau.h */ = {isa = PBXFileReference; fileEncoding = 4; lastKnownFileType = sourcecode.c.h; path = vdpau.h; sourceTree = "<group>"; };
		3669D3821BFB9CC900A8C463 /* version.h */ = {isa = PBXFileReference; fileEncoding = 4; lastKnownFileType = sourcecode.c.h; path = version.h; sourceTree = "<group>"; };
		3669D3831BFB9CC900A8C463 /* vorbis_parser.h */ = {isa = PBXFileReference; fileEncoding = 4; lastKnownFileType = sourcecode.c.h; path = vorbis_parser.h; sourceTree = "<group>"; };
		3669D3841BFB9CC900A8C463 /* xvmc.h */ = {isa = PBXFileReference; fileEncoding = 4; lastKnownFileType = sourcecode.c.h; path = xvmc.h; sourceTree = "<group>"; };
		3669D3861BFB9CC900A8C463 /* avdevice.h */ = {isa = PBXFileReference; fileEncoding = 4; lastKnownFileType = sourcecode.c.h; path = avdevice.h; sourceTree = "<group>"; };
		3669D3871BFB9CC900A8C463 /* version.h */ = {isa = PBXFileReference; fileEncoding = 4; lastKnownFileType = sourcecode.c.h; path = version.h; sourceTree = "<group>"; };
		3669D3891BFB9CC900A8C463 /* asrc_abuffer.h */ = {isa = PBXFileReference; fileEncoding = 4; lastKnownFileType = sourcecode.c.h; path = asrc_abuffer.h; sourceTree = "<group>"; };
		3669D38A1BFB9CC900A8C463 /* avcodec.h */ = {isa = PBXFileReference; fileEncoding = 4; lastKnownFileType = sourcecode.c.h; path = avcodec.h; sourceTree = "<group>"; };
		3669D38B1BFB9CC900A8C463 /* avfilter.h */ = {isa = PBXFileReference; fileEncoding = 4; lastKnownFileType = sourcecode.c.h; path = avfilter.h; sourceTree = "<group>"; };
		3669D38C1BFB9CC900A8C463 /* avfiltergraph.h */ = {isa = PBXFileReference; fileEncoding = 4; lastKnownFileType = sourcecode.c.h; path = avfiltergraph.h; sourceTree = "<group>"; };
		3669D38D1BFB9CC900A8C463 /* buffersink.h */ = {isa = PBXFileReference; fileEncoding = 4; lastKnownFileType = sourcecode.c.h; path = buffersink.h; sourceTree = "<group>"; };
		3669D38E1BFB9CC900A8C463 /* buffersrc.h */ = {isa = PBXFileReference; fileEncoding = 4; lastKnownFileType = sourcecode.c.h; path = buffersrc.h; sourceTree = "<group>"; };
		3669D38F1BFB9CC900A8C463 /* version.h */ = {isa = PBXFileReference; fileEncoding = 4; lastKnownFileType = sourcecode.c.h; path = version.h; sourceTree = "<group>"; };
		3669D3911BFB9CC900A8C463 /* avformat.h */ = {isa = PBXFileReference; fileEncoding = 4; lastKnownFileType = sourcecode.c.h; path = avformat.h; sourceTree = "<group>"; };
		3669D3921BFB9CC900A8C463 /* avio.h */ = {isa = PBXFileReference; fileEncoding = 4; lastKnownFileType = sourcecode.c.h; path = avio.h; sourceTree = "<group>"; };
		3669D3931BFB9CC900A8C463 /* version.h */ = {isa = PBXFileReference; fileEncoding = 4; lastKnownFileType = sourcecode.c.h; path = version.h; sourceTree = "<group>"; };
		3669D3951BFB9CC900A8C463 /* adler32.h */ = {isa = PBXFileReference; fileEncoding = 4; lastKnownFileType = sourcecode.c.h; path = adler32.h; sourceTree = "<group>"; };
		3669D3961BFB9CC900A8C463 /* aes.h */ = {isa = PBXFileReference; fileEncoding = 4; lastKnownFileType = sourcecode.c.h; path = aes.h; sourceTree = "<group>"; };
		3669D3971BFB9CC900A8C463 /* attributes.h */ = {isa = PBXFileReference; fileEncoding = 4; lastKnownFileType = sourcecode.c.h; path = attributes.h; sourceTree = "<group>"; };
		3669D3981BFB9CC900A8C463 /* audio_fifo.h */ = {isa = PBXFileReference; fileEncoding = 4; lastKnownFileType = sourcecode.c.h; path = audio_fifo.h; sourceTree = "<group>"; };
		3669D3991BFB9CC900A8C463 /* audioconvert.h */ = {isa = PBXFileReference; fileEncoding = 4; lastKnownFileType = sourcecode.c.h; path = audioconvert.h; sourceTree = "<group>"; };
		3669D39A1BFB9CC900A8C463 /* avassert.h */ = {isa = PBXFileReference; fileEncoding = 4; lastKnownFileType = sourcecode.c.h; path = avassert.h; sourceTree = "<group>"; };
		3669D39B1BFB9CC900A8C463 /* avconfig.h */ = {isa = PBXFileReference; fileEncoding = 4; lastKnownFileType = sourcecode.c.h; path = avconfig.h; sourceTree = "<group>"; };
		3669D39C1BFB9CC900A8C463 /* avstring.h */ = {isa = PBXFileReference; fileEncoding = 4; lastKnownFileType = sourcecode.c.h; path = avstring.h; sourceTree = "<group>"; };
		3669D39D1BFB9CC900A8C463 /* avutil.h */ = {isa = PBXFileReference; fileEncoding = 4; lastKnownFileType = sourcecode.c.h; path = avutil.h; sourceTree = "<group>"; };
		3669D39E1BFB9CC900A8C463 /* base64.h */ = {isa = PBXFileReference; fileEncoding = 4; lastKnownFileType = sourcecode.c.h; path = base64.h; sourceTree = "<group>"; };
		3669D39F1BFB9CC900A8C463 /* blowfish.h */ = {isa = PBXFileReference; fileEncoding = 4; lastKnownFileType = sourcecode.c.h; path = blowfish.h; sourceTree = "<group>"; };
		3669D3A01BFB9CC900A8C463 /* bprint.h */ = {isa = PBXFileReference; fileEncoding = 4; lastKnownFileType = sourcecode.c.h; path = bprint.h; sourceTree = "<group>"; };
		3669D3A11BFB9CC900A8C463 /* bswap.h */ = {isa = PBXFileReference; fileEncoding = 4; lastKnownFileType = sourcecode.c.h; path = bswap.h; sourceTree = "<group>"; };
		3669D3A21BFB9CC900A8C463 /* buffer.h */ = {isa = PBXFileReference; fileEncoding = 4; lastKnownFileType = sourcecode.c.h; path = buffer.h; sourceTree = "<group>"; };
		3669D3A31BFB9CC900A8C463 /* camellia.h */ = {isa = PBXFileReference; fileEncoding = 4; lastKnownFileType = sourcecode.c.h; path = camellia.h; sourceTree = "<group>"; };
		3669D3A41BFB9CC900A8C463 /* cast5.h */ = {isa = PBXFileReference; fileEncoding = 4; lastKnownFileType = sourcecode.c.h; path = cast5.h; sourceTree = "<group>"; };
		3669D3A51BFB9CC900A8C463 /* channel_layout.h */ = {isa = PBXFileReference; fileEncoding = 4; lastKnownFileType = sourcecode.c.h; path = channel_layout.h; sourceTree = "<group>"; };
		3669D3A61BFB9CC900A8C463 /* common.h */ = {isa = PBXFileReference; fileEncoding = 4; lastKnownFileType = sourcecode.c.h; path = common.h; sourceTree = "<group>"; };
		3669D3A71BFB9CC900A8C463 /* cpu.h */ = {isa = PBXFileReference; fileEncoding = 4; lastKnownFileType = sourcecode.c.h; path = cpu.h; sourceTree = "<group>"; };
		3669D3A81BFB9CC900A8C463 /* crc.h */ = {isa = PBXFileReference; fileEncoding = 4; lastKnownFileType = sourcecode.c.h; path = crc.h; sourceTree = "<group>"; };
		3669D3A91BFB9CC900A8C463 /* dict.h */ = {isa = PBXFileReference; fileEncoding = 4; lastKnownFileType = sourcecode.c.h; path = dict.h; sourceTree = "<group>"; };
		3669D3AA1BFB9CC900A8C463 /* display.h */ = {isa = PBXFileReference; fileEncoding = 4; lastKnownFileType = sourcecode.c.h; path = display.h; sourceTree = "<group>"; };
		3669D3AB1BFB9CC900A8C463 /* downmix_info.h */ = {isa = PBXFileReference; fileEncoding = 4; lastKnownFileType = sourcecode.c.h; path = downmix_info.h; sourceTree = "<group>"; };
		3669D3AC1BFB9CC900A8C463 /* error.h */ = {isa = PBXFileReference; fileEncoding = 4; lastKnownFileType = sourcecode.c.h; path = error.h; sourceTree = "<group>"; };
		3669D3AD1BFB9CC900A8C463 /* eval.h */ = {isa = PBXFileReference; fileEncoding = 4; lastKnownFileType = sourcecode.c.h; path = eval.h; sourceTree = "<group>"; };
		3669D3AE1BFB9CC900A8C463 /* ffversion.h */ = {isa = PBXFileReference; fileEncoding = 4; lastKnownFileType = sourcecode.c.h; path = ffversion.h; sourceTree = "<group>"; };
		3669D3AF1BFB9CC900A8C463 /* fifo.h */ = {isa = PBXFileReference; fileEncoding = 4; lastKnownFileType = sourcecode.c.h; path = fifo.h; sourceTree = "<group>"; };
		3669D3B01BFB9CC900A8C463 /* file.h */ = {isa = PBXFileReference; fileEncoding = 4; lastKnownFileType = sourcecode.c.h; path = file.h; sourceTree = "<group>"; };
		3669D3B11BFB9CC900A8C463 /* frame.h */ = {isa = PBXFileReference; fileEncoding = 4; lastKnownFileType = sourcecode.c.h; path = frame.h; sourceTree = "<group>"; };
		3669D3B21BFB9CC900A8C463 /* hash.h */ = {isa = PBXFileReference; fileEncoding = 4; lastKnownFileType = sourcecode.c.h; path = hash.h; sourceTree = "<group>"; };
		3669D3B31BFB9CC900A8C463 /* hmac.h */ = {isa = PBXFileReference; fileEncoding = 4; lastKnownFileType = sourcecode.c.h; path = hmac.h; sourceTree = "<group>"; };
		3669D3B41BFB9CC900A8C463 /* imgutils.h */ = {isa = PBXFileReference; fileEncoding = 4; lastKnownFileType = sourcecode.c.h; path = imgutils.h; sourceTree = "<group>"; };
		3669D3B51BFB9CC900A8C463 /* intfloat.h */ = {isa = PBXFileReference; fileEncoding = 4; lastKnownFileType = sourcecode.c.h; path = intfloat.h; sourceTree = "<group>"; };
		3669D3B61BFB9CC900A8C463 /* intreadwrite.h */ = {isa = PBXFileReference; fileEncoding = 4; lastKnownFileType = sourcecode.c.h; path = intreadwrite.h; sourceTree = "<group>"; };
		3669D3B71BFB9CC900A8C463 /* lfg.h */ = {isa = PBXFileReference; fileEncoding = 4; lastKnownFileType = sourcecode.c.h; path = lfg.h; sourceTree = "<group>"; };
		3669D3B81BFB9CC900A8C463 /* log.h */ = {isa = PBXFileReference; fileEncoding = 4; lastKnownFileType = sourcecode.c.h; path = log.h; sourceTree = "<group>"; };
		3669D3B91BFB9CC900A8C463 /* macros.h */ = {isa = PBXFileReference; fileEncoding = 4; lastKnownFileType = sourcecode.c.h; path = macros.h; sourceTree = "<group>"; };
		3669D3BA1BFB9CC900A8C463 /* mathematics.h */ = {isa = PBXFileReference; fileEncoding = 4; lastKnownFileType = sourcecode.c.h; path = mathematics.h; sourceTree = "<group>"; };
		3669D3BB1BFB9CC900A8C463 /* md5.h */ = {isa = PBXFileReference; fileEncoding = 4; lastKnownFileType = sourcecode.c.h; path = md5.h; sourceTree = "<group>"; };
		3669D3BC1BFB9CC900A8C463 /* mem.h */ = {isa = PBXFileReference; fileEncoding = 4; lastKnownFileType = sourcecode.c.h; path = mem.h; sourceTree = "<group>"; };
		3669D3BD1BFB9CC900A8C463 /* motion_vector.h */ = {isa = PBXFileReference; fileEncoding = 4; lastKnownFileType = sourcecode.c.h; path = motion_vector.h; sourceTree = "<group>"; };
		3669D3BE1BFB9CC900A8C463 /* murmur3.h */ = {isa = PBXFileReference; fileEncoding = 4; lastKnownFileType = sourcecode.c.h; path = murmur3.h; sourceTree = "<group>"; };
		3669D3BF1BFB9CC900A8C463 /* old_pix_fmts.h */ = {isa = PBXFileReference; fileEncoding = 4; lastKnownFileType = sourcecode.c.h; path = old_pix_fmts.h; sourceTree = "<group>"; };
		3669D3C01BFB9CC900A8C463 /* opt.h */ = {isa = PBXFileReference; fileEncoding = 4; lastKnownFileType = sourcecode.c.h; path = opt.h; sourceTree = "<group>"; };
		3669D3C11BFB9CC900A8C463 /* parseutils.h */ = {isa = PBXFileReference; fileEncoding = 4; lastKnownFileType = sourcecode.c.h; path = parseutils.h; sourceTree = "<group>"; };
		3669D3C21BFB9CC900A8C463 /* pixdesc.h */ = {isa = PBXFileReference; fileEncoding = 4; lastKnownFileType = sourcecode.c.h; path = pixdesc.h; sourceTree = "<group>"; };
		3669D3C31BFB9CC900A8C463 /* pixelutils.h */ = {isa = PBXFileReference; fileEncoding = 4; lastKnownFileType = sourcecode.c.h; path = pixelutils.h; sourceTree = "<group>"; };
		3669D3C41BFB9CC900A8C463 /* pixfmt.h */ = {isa = PBXFileReference; fileEncoding = 4; lastKnownFileType = sourcecode.c.h; path = pixfmt.h; sourceTree = "<group>"; };
		3669D3C51BFB9CC900A8C463 /* random_seed.h */ = {isa = PBXFileReference; fileEncoding = 4; lastKnownFileType = sourcecode.c.h; path = random_seed.h; sourceTree = "<group>"; };
		3669D3C61BFB9CC900A8C463 /* rational.h */ = {isa = PBXFileReference; fileEncoding = 4; lastKnownFileType = sourcecode.c.h; path = rational.h; sourceTree = "<group>"; };
		3669D3C71BFB9CC900A8C463 /* replaygain.h */ = {isa = PBXFileReference; fileEncoding = 4; lastKnownFileType = sourcecode.c.h; path = replaygain.h; sourceTree = "<group>"; };
		3669D3C81BFB9CC900A8C463 /* ripemd.h */ = {isa = PBXFileReference; fileEncoding = 4; lastKnownFileType = sourcecode.c.h; path = ripemd.h; sourceTree = "<group>"; };
		3669D3C91BFB9CC900A8C463 /* samplefmt.h */ = {isa = PBXFileReference; fileEncoding = 4; lastKnownFileType = sourcecode.c.h; path = samplefmt.h; sourceTree = "<group>"; };
		3669D3CA1BFB9CC900A8C463 /* sha.h */ = {isa = PBXFileReference; fileEncoding = 4; lastKnownFileType = sourcecode.c.h; path = sha.h; sourceTree = "<group>"; };
		3669D3CB1BFB9CC900A8C463 /* sha512.h */ = {isa = PBXFileReference; fileEncoding = 4; lastKnownFileType = sourcecode.c.h; path = sha512.h; sourceTree = "<group>"; };
		3669D3CC1BFB9CC900A8C463 /* stereo3d.h */ = {isa = PBXFileReference; fileEncoding = 4; lastKnownFileType = sourcecode.c.h; path = stereo3d.h; sourceTree = "<group>"; };
		3669D3CD1BFB9CC900A8C463 /* threadmessage.h */ = {isa = PBXFileReference; fileEncoding = 4; lastKnownFileType = sourcecode.c.h; path = threadmessage.h; sourceTree = "<group>"; };
		3669D3CE1BFB9CC900A8C463 /* time.h */ = {isa = PBXFileReference; fileEncoding = 4; lastKnownFileType = sourcecode.c.h; path = time.h; sourceTree = "<group>"; };
		3669D3CF1BFB9CC900A8C463 /* timecode.h */ = {isa = PBXFileReference; fileEncoding = 4; lastKnownFileType = sourcecode.c.h; path = timecode.h; sourceTree = "<group>"; };
		3669D3D01BFB9CC900A8C463 /* timestamp.h */ = {isa = PBXFileReference; fileEncoding = 4; lastKnownFileType = sourcecode.c.h; path = timestamp.h; sourceTree = "<group>"; };
		3669D3D11BFB9CC900A8C463 /* twofish.h */ = {isa = PBXFileReference; fileEncoding = 4; lastKnownFileType = sourcecode.c.h; path = twofish.h; sourceTree = "<group>"; };
		3669D3D21BFB9CC900A8C463 /* version.h */ = {isa = PBXFileReference; fileEncoding = 4; lastKnownFileType = sourcecode.c.h; path = version.h; sourceTree = "<group>"; };
		3669D3D31BFB9CC900A8C463 /* xtea.h */ = {isa = PBXFileReference; fileEncoding = 4; lastKnownFileType = sourcecode.c.h; path = xtea.h; sourceTree = "<group>"; };
		3669D3D51BFB9CC900A8C463 /* postprocess.h */ = {isa = PBXFileReference; fileEncoding = 4; lastKnownFileType = sourcecode.c.h; path = postprocess.h; sourceTree = "<group>"; };
		3669D3D61BFB9CC900A8C463 /* version.h */ = {isa = PBXFileReference; fileEncoding = 4; lastKnownFileType = sourcecode.c.h; path = version.h; sourceTree = "<group>"; };
		3669D3D81BFB9CC900A8C463 /* swresample.h */ = {isa = PBXFileReference; fileEncoding = 4; lastKnownFileType = sourcecode.c.h; path = swresample.h; sourceTree = "<group>"; };
		3669D3D91BFB9CC900A8C463 /* version.h */ = {isa = PBXFileReference; fileEncoding = 4; lastKnownFileType = sourcecode.c.h; path = version.h; sourceTree = "<group>"; };
		3669D3DB1BFB9CC900A8C463 /* swscale.h */ = {isa = PBXFileReference; fileEncoding = 4; lastKnownFileType = sourcecode.c.h; path = swscale.h; sourceTree = "<group>"; };
		3669D3DC1BFB9CC900A8C463 /* version.h */ = {isa = PBXFileReference; fileEncoding = 4; lastKnownFileType = sourcecode.c.h; path = version.h; sourceTree = "<group>"; };
		3669D3DE1BFB9CC900A8C463 /* libavcodec.a */ = {isa = PBXFileReference; lastKnownFileType = archive.ar; path = libavcodec.a; sourceTree = "<group>"; };
		3669D3DF1BFB9CC900A8C463 /* libavdevice.a */ = {isa = PBXFileReference; lastKnownFileType = archive.ar; path = libavdevice.a; sourceTree = "<group>"; };
		3669D3E01BFB9CC900A8C463 /* libavfilter.a */ = {isa = PBXFileReference; lastKnownFileType = archive.ar; path = libavfilter.a; sourceTree = "<group>"; };
		3669D3E11BFB9CC900A8C463 /* libavformat.a */ = {isa = PBXFileReference; lastKnownFileType = archive.ar; path = libavformat.a; sourceTree = "<group>"; };
		3669D3E21BFB9CC900A8C463 /* libavutil.a */ = {isa = PBXFileReference; lastKnownFileType = archive.ar; path = libavutil.a; sourceTree = "<group>"; };
		3669D3E31BFB9CC900A8C463 /* libfaac.a */ = {isa = PBXFileReference; lastKnownFileType = archive.ar; path = libfaac.a; sourceTree = "<group>"; };
		3669D3E41BFB9CC900A8C463 /* libpostproc.a */ = {isa = PBXFileReference; lastKnownFileType = archive.ar; path = libpostproc.a; sourceTree = "<group>"; };
		3669D3E51BFB9CC900A8C463 /* libswresample.a */ = {isa = PBXFileReference; lastKnownFileType = archive.ar; path = libswresample.a; sourceTree = "<group>"; };
		3669D3E61BFB9CC900A8C463 /* libswscale.a */ = {isa = PBXFileReference; lastKnownFileType = archive.ar; path = libswscale.a; sourceTree = "<group>"; };
		3669D3E71BFB9CC900A8C463 /* libx264.a */ = {isa = PBXFileReference; lastKnownFileType = archive.ar; path = libx264.a; sourceTree = "<group>"; };
		9074DB6CE0290C9EE3F00FF9 /* libPods-FFmpegOpencvSpike.a */ = {isa = PBXFileReference; explicitFileType = archive.ar; includeInIndex = 0; path = "libPods-FFmpegOpencvSpike.a"; sourceTree = BUILT_PRODUCTS_DIR; };
		92CABAF15B6DF1D11A752424 /* Pods-FFmpegOpencvSpike.release.xcconfig */ = {isa = PBXFileReference; includeInIndex = 1; lastKnownFileType = text.xcconfig; name = "Pods-FFmpegOpencvSpike.release.xcconfig"; path = "Pods/Target Support Files/Pods-FFmpegOpencvSpike/Pods-FFmpegOpencvSpike.release.xcconfig"; sourceTree = "<group>"; };
/* End PBXFileReference section */

/* Begin PBXFrameworksBuildPhase section */
		3669D2BE1BFB6A2E00A8C463 /* Frameworks */ = {
			isa = PBXFrameworksBuildPhase;
			buildActionMask = 2147483647;
			files = (
				D3FEFABBA1EFC1A60841332D /* libPods-FFmpegOpencvSpike.a in Frameworks */,
				3669D3EA1BFB9CC900A8C463 /* libavfilter.a in Frameworks */,
				3669D3F01BFB9CC900A8C463 /* libswscale.a in Frameworks */,
				3669D3ED1BFB9CC900A8C463 /* libfaac.a in Frameworks */,
				3669D2F61BFB884000A8C463 /* libjpeg.a in Frameworks */,
				3669D3EB1BFB9CC900A8C463 /* libavformat.a in Frameworks */,
				3669D3EC1BFB9CC900A8C463 /* libavutil.a in Frameworks */,
				3669D3EF1BFB9CC900A8C463 /* libswresample.a in Frameworks */,
				3669D3E91BFB9CC900A8C463 /* libavdevice.a in Frameworks */,
				3669D3EE1BFB9CC900A8C463 /* libpostproc.a in Frameworks */,
				3669D3E81BFB9CC900A8C463 /* libavcodec.a in Frameworks */,
				3669D3F11BFB9CC900A8C463 /* libx264.a in Frameworks */,
			);
			runOnlyForDeploymentPostprocessing = 0;
		};
		3669D2D21BFB6A2E00A8C463 /* Frameworks */ = {
			isa = PBXFrameworksBuildPhase;
			buildActionMask = 2147483647;
			files = (
			);
			runOnlyForDeploymentPostprocessing = 0;
		};
		3669D2DD1BFB6A2E00A8C463 /* Frameworks */ = {
			isa = PBXFrameworksBuildPhase;
			buildActionMask = 2147483647;
			files = (
			);
			runOnlyForDeploymentPostprocessing = 0;
		};
/* End PBXFrameworksBuildPhase section */

/* Begin PBXGroup section */
		3669D2B81BFB6A2E00A8C463 = {
			isa = PBXGroup;
			children = (
				3669D2C31BFB6A2E00A8C463 /* FFmpegOpencvSpike */,
				3669D2D81BFB6A2E00A8C463 /* FFmpegOpencvSpikeTests */,
				3669D2E31BFB6A2E00A8C463 /* FFmpegOpencvSpikeUITests */,
				3669D2C21BFB6A2E00A8C463 /* Products */,
				D43A05CDA24B861DD2F1A200 /* Pods */,
				64F90F56AEC325FFD25391B2 /* Frameworks */,
			);
			sourceTree = "<group>";
		};
		3669D2C21BFB6A2E00A8C463 /* Products */ = {
			isa = PBXGroup;
			children = (
				3669D2C11BFB6A2E00A8C463 /* FFmpegOpencvSpike.app */,
				3669D2D51BFB6A2E00A8C463 /* FFmpegOpencvSpikeTests.xctest */,
				3669D2E01BFB6A2E00A8C463 /* FFmpegOpencvSpikeUITests.xctest */,
			);
			name = Products;
			sourceTree = "<group>";
		};
		3669D2C31BFB6A2E00A8C463 /* FFmpegOpencvSpike */ = {
			isa = PBXGroup;
			children = (
				3669D2FE1BFB8A8400A8C463 /* FFmpegOpencvSpike-Bridging-Header.h */,
				3669D2FA1BFB8A2F00A8C463 /* Helpers */,
				3669D2F71BFB889C00A8C463 /* ViewControllers */,
				3669D2F21BFB880600A8C463 /* Vendor */,
				3669D2C41BFB6A2E00A8C463 /* AppDelegate.swift */,
				3669D2C81BFB6A2E00A8C463 /* Main.storyboard */,
				3669D2CB1BFB6A2E00A8C463 /* Assets.xcassets */,
				3669D2CD1BFB6A2E00A8C463 /* LaunchScreen.storyboard */,
				3669D2D01BFB6A2E00A8C463 /* Info.plist */,
			);
			path = FFmpegOpencvSpike;
			sourceTree = "<group>";
		};
		3669D2D81BFB6A2E00A8C463 /* FFmpegOpencvSpikeTests */ = {
			isa = PBXGroup;
			children = (
				3669D2D91BFB6A2E00A8C463 /* FFmpegOpencvSpikeTests.swift */,
				3669D2DB1BFB6A2E00A8C463 /* Info.plist */,
			);
			path = FFmpegOpencvSpikeTests;
			sourceTree = "<group>";
		};
		3669D2E31BFB6A2E00A8C463 /* FFmpegOpencvSpikeUITests */ = {
			isa = PBXGroup;
			children = (
				3669D2E41BFB6A2E00A8C463 /* FFmpegOpencvSpikeUITests.swift */,
				3669D2E61BFB6A2E00A8C463 /* Info.plist */,
			);
			path = FFmpegOpencvSpikeUITests;
			sourceTree = "<group>";
		};
		3669D2F21BFB880600A8C463 /* Vendor */ = {
			isa = PBXGroup;
			children = (
				3669D2F31BFB880600A8C463 /* ffmpeg */,
				3669D2F41BFB880600A8C463 /* opencv */,
			);
			path = Vendor;
			sourceTree = "<group>";
		};
		3669D2F31BFB880600A8C463 /* ffmpeg */ = {
			isa = PBXGroup;
			children = (
				3669D3761BFB9CC900A8C463 /* include */,
				3669D3DD1BFB9CC900A8C463 /* lib */,
			);
			path = ffmpeg;
			sourceTree = "<group>";
		};
		3669D2F41BFB880600A8C463 /* opencv */ = {
			isa = PBXGroup;
			children = (
				3669D2F51BFB884000A8C463 /* libjpeg.a */,
			);
			path = opencv;
			sourceTree = "<group>";
		};
		3669D2F71BFB889C00A8C463 /* ViewControllers */ = {
			isa = PBXGroup;
			children = (
				3669D2F81BFB88E600A8C463 /* ViewController.swift */,
			);
			path = ViewControllers;
			sourceTree = "<group>";
		};
		3669D2FA1BFB8A2F00A8C463 /* Helpers */ = {
			isa = PBXGroup;
			children = (
				3669D2FC1BFB8A5600A8C463 /* CVConverters.mm */,
				3669D2FF1BFB8C4000A8C463 /* CVConverters.h */,
			);
			path = Helpers;
			sourceTree = "<group>";
		};
		3669D3761BFB9CC900A8C463 /* include */ = {
			isa = PBXGroup;
			children = (
				3669D3771BFB9CC900A8C463 /* libavcodec */,
				3669D3851BFB9CC900A8C463 /* libavdevice */,
				3669D3881BFB9CC900A8C463 /* libavfilter */,
				3669D3901BFB9CC900A8C463 /* libavformat */,
				3669D3941BFB9CC900A8C463 /* libavutil */,
				3669D3D41BFB9CC900A8C463 /* libpostproc */,
				3669D3D71BFB9CC900A8C463 /* libswresample */,
				3669D3DA1BFB9CC900A8C463 /* libswscale */,
			);
			path = include;
			sourceTree = "<group>";
		};
		3669D3771BFB9CC900A8C463 /* libavcodec */ = {
			isa = PBXGroup;
			children = (
				3669D3781BFB9CC900A8C463 /* avcodec.h */,
				3669D3791BFB9CC900A8C463 /* avfft.h */,
				3669D37A1BFB9CC900A8C463 /* d3d11va.h */,
				3669D37B1BFB9CC900A8C463 /* dv_profile.h */,
				3669D37C1BFB9CC900A8C463 /* dxva2.h */,
				3669D37D1BFB9CC900A8C463 /* old_codec_ids.h */,
				3669D37E1BFB9CC900A8C463 /* qsv.h */,
				3669D37F1BFB9CC900A8C463 /* vaapi.h */,
				3669D3801BFB9CC900A8C463 /* vda.h */,
				3669D3811BFB9CC900A8C463 /* vdpau.h */,
				3669D3821BFB9CC900A8C463 /* version.h */,
				3669D3831BFB9CC900A8C463 /* vorbis_parser.h */,
				3669D3841BFB9CC900A8C463 /* xvmc.h */,
			);
			path = libavcodec;
			sourceTree = "<group>";
		};
		3669D3851BFB9CC900A8C463 /* libavdevice */ = {
			isa = PBXGroup;
			children = (
				3669D3861BFB9CC900A8C463 /* avdevice.h */,
				3669D3871BFB9CC900A8C463 /* version.h */,
			);
			path = libavdevice;
			sourceTree = "<group>";
		};
		3669D3881BFB9CC900A8C463 /* libavfilter */ = {
			isa = PBXGroup;
			children = (
				3669D3891BFB9CC900A8C463 /* asrc_abuffer.h */,
				3669D38A1BFB9CC900A8C463 /* avcodec.h */,
				3669D38B1BFB9CC900A8C463 /* avfilter.h */,
				3669D38C1BFB9CC900A8C463 /* avfiltergraph.h */,
				3669D38D1BFB9CC900A8C463 /* buffersink.h */,
				3669D38E1BFB9CC900A8C463 /* buffersrc.h */,
				3669D38F1BFB9CC900A8C463 /* version.h */,
			);
			path = libavfilter;
			sourceTree = "<group>";
		};
		3669D3901BFB9CC900A8C463 /* libavformat */ = {
			isa = PBXGroup;
			children = (
				3669D3911BFB9CC900A8C463 /* avformat.h */,
				3669D3921BFB9CC900A8C463 /* avio.h */,
				3669D3931BFB9CC900A8C463 /* version.h */,
			);
			path = libavformat;
			sourceTree = "<group>";
		};
		3669D3941BFB9CC900A8C463 /* libavutil */ = {
			isa = PBXGroup;
			children = (
				3669D3951BFB9CC900A8C463 /* adler32.h */,
				3669D3961BFB9CC900A8C463 /* aes.h */,
				3669D3971BFB9CC900A8C463 /* attributes.h */,
				3669D3981BFB9CC900A8C463 /* audio_fifo.h */,
				3669D3991BFB9CC900A8C463 /* audioconvert.h */,
				3669D39A1BFB9CC900A8C463 /* avassert.h */,
				3669D39B1BFB9CC900A8C463 /* avconfig.h */,
				3669D39C1BFB9CC900A8C463 /* avstring.h */,
				3669D39D1BFB9CC900A8C463 /* avutil.h */,
				3669D39E1BFB9CC900A8C463 /* base64.h */,
				3669D39F1BFB9CC900A8C463 /* blowfish.h */,
				3669D3A01BFB9CC900A8C463 /* bprint.h */,
				3669D3A11BFB9CC900A8C463 /* bswap.h */,
				3669D3A21BFB9CC900A8C463 /* buffer.h */,
				3669D3A31BFB9CC900A8C463 /* camellia.h */,
				3669D3A41BFB9CC900A8C463 /* cast5.h */,
				3669D3A51BFB9CC900A8C463 /* channel_layout.h */,
				3669D3A61BFB9CC900A8C463 /* common.h */,
				3669D3A71BFB9CC900A8C463 /* cpu.h */,
				3669D3A81BFB9CC900A8C463 /* crc.h */,
				3669D3A91BFB9CC900A8C463 /* dict.h */,
				3669D3AA1BFB9CC900A8C463 /* display.h */,
				3669D3AB1BFB9CC900A8C463 /* downmix_info.h */,
				3669D3AC1BFB9CC900A8C463 /* error.h */,
				3669D3AD1BFB9CC900A8C463 /* eval.h */,
				3669D3AE1BFB9CC900A8C463 /* ffversion.h */,
				3669D3AF1BFB9CC900A8C463 /* fifo.h */,
				3669D3B01BFB9CC900A8C463 /* file.h */,
				3669D3B11BFB9CC900A8C463 /* frame.h */,
				3669D3B21BFB9CC900A8C463 /* hash.h */,
				3669D3B31BFB9CC900A8C463 /* hmac.h */,
				3669D3B41BFB9CC900A8C463 /* imgutils.h */,
				3669D3B51BFB9CC900A8C463 /* intfloat.h */,
				3669D3B61BFB9CC900A8C463 /* intreadwrite.h */,
				3669D3B71BFB9CC900A8C463 /* lfg.h */,
				3669D3B81BFB9CC900A8C463 /* log.h */,
				3669D3B91BFB9CC900A8C463 /* macros.h */,
				3669D3BA1BFB9CC900A8C463 /* mathematics.h */,
				3669D3BB1BFB9CC900A8C463 /* md5.h */,
				3669D3BC1BFB9CC900A8C463 /* mem.h */,
				3669D3BD1BFB9CC900A8C463 /* motion_vector.h */,
				3669D3BE1BFB9CC900A8C463 /* murmur3.h */,
				3669D3BF1BFB9CC900A8C463 /* old_pix_fmts.h */,
				3669D3C01BFB9CC900A8C463 /* opt.h */,
				3669D3C11BFB9CC900A8C463 /* parseutils.h */,
				3669D3C21BFB9CC900A8C463 /* pixdesc.h */,
				3669D3C31BFB9CC900A8C463 /* pixelutils.h */,
				3669D3C41BFB9CC900A8C463 /* pixfmt.h */,
				3669D3C51BFB9CC900A8C463 /* random_seed.h */,
				3669D3C61BFB9CC900A8C463 /* rational.h */,
				3669D3C71BFB9CC900A8C463 /* replaygain.h */,
				3669D3C81BFB9CC900A8C463 /* ripemd.h */,
				3669D3C91BFB9CC900A8C463 /* samplefmt.h */,
				3669D3CA1BFB9CC900A8C463 /* sha.h */,
				3669D3CB1BFB9CC900A8C463 /* sha512.h */,
				3669D3CC1BFB9CC900A8C463 /* stereo3d.h */,
				3669D3CD1BFB9CC900A8C463 /* threadmessage.h */,
				3669D3CE1BFB9CC900A8C463 /* time.h */,
				3669D3CF1BFB9CC900A8C463 /* timecode.h */,
				3669D3D01BFB9CC900A8C463 /* timestamp.h */,
				3669D3D11BFB9CC900A8C463 /* twofish.h */,
				3669D3D21BFB9CC900A8C463 /* version.h */,
				3669D3D31BFB9CC900A8C463 /* xtea.h */,
			);
			path = libavutil;
			sourceTree = "<group>";
		};
		3669D3D41BFB9CC900A8C463 /* libpostproc */ = {
			isa = PBXGroup;
			children = (
				3669D3D51BFB9CC900A8C463 /* postprocess.h */,
				3669D3D61BFB9CC900A8C463 /* version.h */,
			);
			path = libpostproc;
			sourceTree = "<group>";
		};
		3669D3D71BFB9CC900A8C463 /* libswresample */ = {
			isa = PBXGroup;
			children = (
				3669D3D81BFB9CC900A8C463 /* swresample.h */,
				3669D3D91BFB9CC900A8C463 /* version.h */,
			);
			path = libswresample;
			sourceTree = "<group>";
		};
		3669D3DA1BFB9CC900A8C463 /* libswscale */ = {
			isa = PBXGroup;
			children = (
				3669D3DB1BFB9CC900A8C463 /* swscale.h */,
				3669D3DC1BFB9CC900A8C463 /* version.h */,
			);
			path = libswscale;
			sourceTree = "<group>";
		};
		3669D3DD1BFB9CC900A8C463 /* lib */ = {
			isa = PBXGroup;
			children = (
				3669D3DE1BFB9CC900A8C463 /* libavcodec.a */,
				3669D3DF1BFB9CC900A8C463 /* libavdevice.a */,
				3669D3E01BFB9CC900A8C463 /* libavfilter.a */,
				3669D3E11BFB9CC900A8C463 /* libavformat.a */,
				3669D3E21BFB9CC900A8C463 /* libavutil.a */,
				3669D3E31BFB9CC900A8C463 /* libfaac.a */,
				3669D3E41BFB9CC900A8C463 /* libpostproc.a */,
				3669D3E51BFB9CC900A8C463 /* libswresample.a */,
				3669D3E61BFB9CC900A8C463 /* libswscale.a */,
				3669D3E71BFB9CC900A8C463 /* libx264.a */,
			);
			path = lib;
			sourceTree = "<group>";
		};
		64F90F56AEC325FFD25391B2 /* Frameworks */ = {
			isa = PBXGroup;
			children = (
				9074DB6CE0290C9EE3F00FF9 /* libPods-FFmpegOpencvSpike.a */,
			);
			name = Frameworks;
			sourceTree = "<group>";
		};
		D43A05CDA24B861DD2F1A200 /* Pods */ = {
			isa = PBXGroup;
			children = (
				259AA673E906B57ADCA6F844 /* Pods-FFmpegOpencvSpike.debug.xcconfig */,
				92CABAF15B6DF1D11A752424 /* Pods-FFmpegOpencvSpike.release.xcconfig */,
			);
			name = Pods;
			sourceTree = "<group>";
		};
/* End PBXGroup section */

/* Begin PBXNativeTarget section */
		3669D2C01BFB6A2E00A8C463 /* FFmpegOpencvSpike */ = {
			isa = PBXNativeTarget;
			buildConfigurationList = 3669D2E91BFB6A2E00A8C463 /* Build configuration list for PBXNativeTarget "FFmpegOpencvSpike" */;
			buildPhases = (
				78A9B80FFA09D050931A1F33 /* Check Pods Manifest.lock */,
				3669D2BD1BFB6A2E00A8C463 /* Sources */,
				3669D2BE1BFB6A2E00A8C463 /* Frameworks */,
				3669D2BF1BFB6A2E00A8C463 /* Resources */,
				95D1AF8FAC65FBA431A8D485 /* Embed Pods Frameworks */,
				57E9CD8B6DB79896E63D7399 /* Copy Pods Resources */,
			);
			buildRules = (
			);
			dependencies = (
			);
			name = FFmpegOpencvSpike;
			productName = FFmpegOpencvSpike;
			productReference = 3669D2C11BFB6A2E00A8C463 /* FFmpegOpencvSpike.app */;
			productType = "com.apple.product-type.application";
		};
		3669D2D41BFB6A2E00A8C463 /* FFmpegOpencvSpikeTests */ = {
			isa = PBXNativeTarget;
			buildConfigurationList = 3669D2EC1BFB6A2E00A8C463 /* Build configuration list for PBXNativeTarget "FFmpegOpencvSpikeTests" */;
			buildPhases = (
				3669D2D11BFB6A2E00A8C463 /* Sources */,
				3669D2D21BFB6A2E00A8C463 /* Frameworks */,
				3669D2D31BFB6A2E00A8C463 /* Resources */,
			);
			buildRules = (
			);
			dependencies = (
				3669D2D71BFB6A2E00A8C463 /* PBXTargetDependency */,
			);
			name = FFmpegOpencvSpikeTests;
			productName = FFmpegOpencvSpikeTests;
			productReference = 3669D2D51BFB6A2E00A8C463 /* FFmpegOpencvSpikeTests.xctest */;
			productType = "com.apple.product-type.bundle.unit-test";
		};
		3669D2DF1BFB6A2E00A8C463 /* FFmpegOpencvSpikeUITests */ = {
			isa = PBXNativeTarget;
			buildConfigurationList = 3669D2EF1BFB6A2E00A8C463 /* Build configuration list for PBXNativeTarget "FFmpegOpencvSpikeUITests" */;
			buildPhases = (
				3669D2DC1BFB6A2E00A8C463 /* Sources */,
				3669D2DD1BFB6A2E00A8C463 /* Frameworks */,
				3669D2DE1BFB6A2E00A8C463 /* Resources */,
			);
			buildRules = (
			);
			dependencies = (
				3669D2E21BFB6A2E00A8C463 /* PBXTargetDependency */,
			);
			name = FFmpegOpencvSpikeUITests;
			productName = FFmpegOpencvSpikeUITests;
			productReference = 3669D2E01BFB6A2E00A8C463 /* FFmpegOpencvSpikeUITests.xctest */;
			productType = "com.apple.product-type.bundle.ui-testing";
		};
/* End PBXNativeTarget section */

/* Begin PBXProject section */
		3669D2B91BFB6A2E00A8C463 /* Project object */ = {
			isa = PBXProject;
			attributes = {
				LastSwiftUpdateCheck = 0710;
				LastUpgradeCheck = 0710;
				ORGANIZATIONNAME = "Bearch Inc";
				TargetAttributes = {
					3669D2C01BFB6A2E00A8C463 = {
						CreatedOnToolsVersion = 7.1;
					};
					3669D2D41BFB6A2E00A8C463 = {
						CreatedOnToolsVersion = 7.1;
						TestTargetID = 3669D2C01BFB6A2E00A8C463;
					};
					3669D2DF1BFB6A2E00A8C463 = {
						CreatedOnToolsVersion = 7.1;
						TestTargetID = 3669D2C01BFB6A2E00A8C463;
					};
				};
			};
			buildConfigurationList = 3669D2BC1BFB6A2E00A8C463 /* Build configuration list for PBXProject "FFmpegOpencvSpike" */;
			compatibilityVersion = "Xcode 3.2";
			developmentRegion = English;
			hasScannedForEncodings = 0;
			knownRegions = (
				en,
				Base,
			);
			mainGroup = 3669D2B81BFB6A2E00A8C463;
			productRefGroup = 3669D2C21BFB6A2E00A8C463 /* Products */;
			projectDirPath = "";
			projectRoot = "";
			targets = (
				3669D2C01BFB6A2E00A8C463 /* FFmpegOpencvSpike */,
				3669D2D41BFB6A2E00A8C463 /* FFmpegOpencvSpikeTests */,
				3669D2DF1BFB6A2E00A8C463 /* FFmpegOpencvSpikeUITests */,
			);
		};
/* End PBXProject section */

/* Begin PBXResourcesBuildPhase section */
		3669D2BF1BFB6A2E00A8C463 /* Resources */ = {
			isa = PBXResourcesBuildPhase;
			buildActionMask = 2147483647;
			files = (
				3669D2CF1BFB6A2E00A8C463 /* LaunchScreen.storyboard in Resources */,
				3669D2CC1BFB6A2E00A8C463 /* Assets.xcassets in Resources */,
				3669D2CA1BFB6A2E00A8C463 /* Main.storyboard in Resources */,
			);
			runOnlyForDeploymentPostprocessing = 0;
		};
		3669D2D31BFB6A2E00A8C463 /* Resources */ = {
			isa = PBXResourcesBuildPhase;
			buildActionMask = 2147483647;
			files = (
			);
			runOnlyForDeploymentPostprocessing = 0;
		};
		3669D2DE1BFB6A2E00A8C463 /* Resources */ = {
			isa = PBXResourcesBuildPhase;
			buildActionMask = 2147483647;
			files = (
			);
			runOnlyForDeploymentPostprocessing = 0;
		};
/* End PBXResourcesBuildPhase section */

/* Begin PBXShellScriptBuildPhase section */
		57E9CD8B6DB79896E63D7399 /* Copy Pods Resources */ = {
			isa = PBXShellScriptBuildPhase;
			buildActionMask = 2147483647;
			files = (
			);
			inputPaths = (
			);
			name = "Copy Pods Resources";
			outputPaths = (
			);
			runOnlyForDeploymentPostprocessing = 0;
			shellPath = /bin/sh;
			shellScript = "\"${SRCROOT}/Pods/Target Support Files/Pods-FFmpegOpencvSpike/Pods-FFmpegOpencvSpike-resources.sh\"\n";
			showEnvVarsInLog = 0;
		};
		78A9B80FFA09D050931A1F33 /* Check Pods Manifest.lock */ = {
			isa = PBXShellScriptBuildPhase;
			buildActionMask = 2147483647;
			files = (
			);
			inputPaths = (
			);
			name = "Check Pods Manifest.lock";
			outputPaths = (
			);
			runOnlyForDeploymentPostprocessing = 0;
			shellPath = /bin/sh;
			shellScript = "diff \"${PODS_ROOT}/../Podfile.lock\" \"${PODS_ROOT}/Manifest.lock\" > /dev/null\nif [[ $? != 0 ]] ; then\n    cat << EOM\nerror: The sandbox is not in sync with the Podfile.lock. Run 'pod install' or update your CocoaPods installation.\nEOM\n    exit 1\nfi\n";
			showEnvVarsInLog = 0;
		};
		95D1AF8FAC65FBA431A8D485 /* Embed Pods Frameworks */ = {
			isa = PBXShellScriptBuildPhase;
			buildActionMask = 2147483647;
			files = (
			);
			inputPaths = (
			);
			name = "Embed Pods Frameworks";
			outputPaths = (
			);
			runOnlyForDeploymentPostprocessing = 0;
			shellPath = /bin/sh;
			shellScript = "\"${SRCROOT}/Pods/Target Support Files/Pods-FFmpegOpencvSpike/Pods-FFmpegOpencvSpike-frameworks.sh\"\n";
			showEnvVarsInLog = 0;
		};
/* End PBXShellScriptBuildPhase section */

/* Begin PBXSourcesBuildPhase section */
		3669D2BD1BFB6A2E00A8C463 /* Sources */ = {
			isa = PBXSourcesBuildPhase;
			buildActionMask = 2147483647;
			files = (
				3669D2F91BFB88E600A8C463 /* ViewController.swift in Sources */,
				3669D2FD1BFB8A5600A8C463 /* CVConverters.mm in Sources */,
				3669D2C51BFB6A2E00A8C463 /* AppDelegate.swift in Sources */,
			);
			runOnlyForDeploymentPostprocessing = 0;
		};
		3669D2D11BFB6A2E00A8C463 /* Sources */ = {
			isa = PBXSourcesBuildPhase;
			buildActionMask = 2147483647;
			files = (
				3669D2DA1BFB6A2E00A8C463 /* FFmpegOpencvSpikeTests.swift in Sources */,
			);
			runOnlyForDeploymentPostprocessing = 0;
		};
		3669D2DC1BFB6A2E00A8C463 /* Sources */ = {
			isa = PBXSourcesBuildPhase;
			buildActionMask = 2147483647;
			files = (
				3669D2E51BFB6A2E00A8C463 /* FFmpegOpencvSpikeUITests.swift in Sources */,
			);
			runOnlyForDeploymentPostprocessing = 0;
		};
/* End PBXSourcesBuildPhase section */

/* Begin PBXTargetDependency section */
		3669D2D71BFB6A2E00A8C463 /* PBXTargetDependency */ = {
			isa = PBXTargetDependency;
			target = 3669D2C01BFB6A2E00A8C463 /* FFmpegOpencvSpike */;
			targetProxy = 3669D2D61BFB6A2E00A8C463 /* PBXContainerItemProxy */;
		};
		3669D2E21BFB6A2E00A8C463 /* PBXTargetDependency */ = {
			isa = PBXTargetDependency;
			target = 3669D2C01BFB6A2E00A8C463 /* FFmpegOpencvSpike */;
			targetProxy = 3669D2E11BFB6A2E00A8C463 /* PBXContainerItemProxy */;
		};
/* End PBXTargetDependency section */

/* Begin PBXVariantGroup section */
		3669D2C81BFB6A2E00A8C463 /* Main.storyboard */ = {
			isa = PBXVariantGroup;
			children = (
				3669D2C91BFB6A2E00A8C463 /* Base */,
			);
			name = Main.storyboard;
			sourceTree = "<group>";
		};
		3669D2CD1BFB6A2E00A8C463 /* LaunchScreen.storyboard */ = {
			isa = PBXVariantGroup;
			children = (
				3669D2CE1BFB6A2E00A8C463 /* Base */,
			);
			name = LaunchScreen.storyboard;
			sourceTree = "<group>";
		};
/* End PBXVariantGroup section */

/* Begin XCBuildConfiguration section */
		3669D2E71BFB6A2E00A8C463 /* Debug */ = {
			isa = XCBuildConfiguration;
			buildSettings = {
				ALWAYS_SEARCH_USER_PATHS = NO;
				CLANG_CXX_LANGUAGE_STANDARD = "gnu++0x";
				CLANG_CXX_LIBRARY = "libc++";
				CLANG_ENABLE_MODULES = YES;
				CLANG_ENABLE_OBJC_ARC = YES;
				CLANG_WARN_BOOL_CONVERSION = YES;
				CLANG_WARN_CONSTANT_CONVERSION = YES;
				CLANG_WARN_DIRECT_OBJC_ISA_USAGE = YES_ERROR;
				CLANG_WARN_EMPTY_BODY = YES;
				CLANG_WARN_ENUM_CONVERSION = YES;
				CLANG_WARN_INT_CONVERSION = YES;
				CLANG_WARN_OBJC_ROOT_CLASS = YES_ERROR;
				CLANG_WARN_UNREACHABLE_CODE = YES;
				CLANG_WARN__DUPLICATE_METHOD_MATCH = YES;
				"CODE_SIGN_IDENTITY[sdk=iphoneos*]" = "iPhone Developer";
				COPY_PHASE_STRIP = NO;
				DEBUG_INFORMATION_FORMAT = dwarf;
				ENABLE_STRICT_OBJC_MSGSEND = YES;
				ENABLE_TESTABILITY = YES;
				GCC_C_LANGUAGE_STANDARD = gnu99;
				GCC_DYNAMIC_NO_PIC = NO;
				GCC_NO_COMMON_BLOCKS = YES;
				GCC_OPTIMIZATION_LEVEL = 0;
				GCC_PREPROCESSOR_DEFINITIONS = (
					"DEBUG=1",
					"$(inherited)",
				);
				GCC_WARN_64_TO_32_BIT_CONVERSION = YES;
				GCC_WARN_ABOUT_RETURN_TYPE = YES_ERROR;
				GCC_WARN_UNDECLARED_SELECTOR = YES;
				GCC_WARN_UNINITIALIZED_AUTOS = YES_AGGRESSIVE;
				GCC_WARN_UNUSED_FUNCTION = YES;
				GCC_WARN_UNUSED_VARIABLE = YES;
				IPHONEOS_DEPLOYMENT_TARGET = 9.1;
				MTL_ENABLE_DEBUG_INFO = YES;
				ONLY_ACTIVE_ARCH = YES;
				SDKROOT = iphoneos;
				SWIFT_OPTIMIZATION_LEVEL = "-Onone";
				TARGETED_DEVICE_FAMILY = "1,2";
			};
			name = Debug;
		};
		3669D2E81BFB6A2E00A8C463 /* Release */ = {
			isa = XCBuildConfiguration;
			buildSettings = {
				ALWAYS_SEARCH_USER_PATHS = NO;
				CLANG_CXX_LANGUAGE_STANDARD = "gnu++0x";
				CLANG_CXX_LIBRARY = "libc++";
				CLANG_ENABLE_MODULES = YES;
				CLANG_ENABLE_OBJC_ARC = YES;
				CLANG_WARN_BOOL_CONVERSION = YES;
				CLANG_WARN_CONSTANT_CONVERSION = YES;
				CLANG_WARN_DIRECT_OBJC_ISA_USAGE = YES_ERROR;
				CLANG_WARN_EMPTY_BODY = YES;
				CLANG_WARN_ENUM_CONVERSION = YES;
				CLANG_WARN_INT_CONVERSION = YES;
				CLANG_WARN_OBJC_ROOT_CLASS = YES_ERROR;
				CLANG_WARN_UNREACHABLE_CODE = YES;
				CLANG_WARN__DUPLICATE_METHOD_MATCH = YES;
				"CODE_SIGN_IDENTITY[sdk=iphoneos*]" = "iPhone Developer";
				COPY_PHASE_STRIP = NO;
				DEBUG_INFORMATION_FORMAT = "dwarf-with-dsym";
				ENABLE_NS_ASSERTIONS = NO;
				ENABLE_STRICT_OBJC_MSGSEND = YES;
				GCC_C_LANGUAGE_STANDARD = gnu99;
				GCC_NO_COMMON_BLOCKS = YES;
				GCC_WARN_64_TO_32_BIT_CONVERSION = YES;
				GCC_WARN_ABOUT_RETURN_TYPE = YES_ERROR;
				GCC_WARN_UNDECLARED_SELECTOR = YES;
				GCC_WARN_UNINITIALIZED_AUTOS = YES_AGGRESSIVE;
				GCC_WARN_UNUSED_FUNCTION = YES;
				GCC_WARN_UNUSED_VARIABLE = YES;
				IPHONEOS_DEPLOYMENT_TARGET = 9.1;
				MTL_ENABLE_DEBUG_INFO = NO;
				SDKROOT = iphoneos;
				TARGETED_DEVICE_FAMILY = "1,2";
				VALIDATE_PRODUCT = YES;
			};
			name = Release;
		};
		3669D2EA1BFB6A2E00A8C463 /* Debug */ = {
			isa = XCBuildConfiguration;
			baseConfigurationReference = 259AA673E906B57ADCA6F844 /* Pods-FFmpegOpencvSpike.debug.xcconfig */;
			buildSettings = {
				ASSETCATALOG_COMPILER_APPICON_NAME = AppIcon;
				CLANG_ENABLE_MODULES = YES;
				ENABLE_BITCODE = NO;
				HEADER_SEARCH_PATHS = (
					"$(inherited)",
					"\"${PODS_ROOT}/Headers/Public\"",
					"\"${PODS_ROOT}/Headers/Public/OpenCV\"",
					"\"$(PROJECT_DIR)/FFmpegOpencvSpike/Vendor/ffmpeg/include\"",
				);
				INFOPLIST_FILE = FFmpegOpencvSpike/Info.plist;
				LD_RUNPATH_SEARCH_PATHS = "$(inherited) @executable_path/Frameworks";
				LIBRARY_SEARCH_PATHS = (
					"$(inherited)",
					"$(PROJECT_DIR)/FFmpegOpencvSpike/Vendor/opencv",
					"$(PROJECT_DIR)/FFmpegOpencvSpike/Vendor/ffmpeg/lib",
				);
				PRODUCT_BUNDLE_IDENTIFIER = com.bearch.FFmpegOpencvSpike;
				PRODUCT_NAME = "$(TARGET_NAME)";
				SWIFT_OBJC_BRIDGING_HEADER = "FFmpegOpencvSpike/FFmpegOpencvSpike-Bridging-Header.h";
				SWIFT_OPTIMIZATION_LEVEL = "-Onone";
			};
			name = Debug;
		};
		3669D2EB1BFB6A2E00A8C463 /* Release */ = {
			isa = XCBuildConfiguration;
			baseConfigurationReference = 92CABAF15B6DF1D11A752424 /* Pods-FFmpegOpencvSpike.release.xcconfig */;
			buildSettings = {
				ASSETCATALOG_COMPILER_APPICON_NAME = AppIcon;
				CLANG_ENABLE_MODULES = YES;
				ENABLE_BITCODE = NO;
				HEADER_SEARCH_PATHS = (
					"$(inherited)",
					"\"${PODS_ROOT}/Headers/Public\"",
					"\"${PODS_ROOT}/Headers/Public/OpenCV\"",
					"\"$(PROJECT_DIR)/FFmpegOpencvSpike/Vendor/ffmpeg/include\"",
				);
				INFOPLIST_FILE = FFmpegOpencvSpike/Info.plist;
				LD_RUNPATH_SEARCH_PATHS = "$(inherited) @executable_path/Frameworks";
				LIBRARY_SEARCH_PATHS = (
					"$(inherited)",
					"$(PROJECT_DIR)/FFmpegOpencvSpike/Vendor/opencv",
					"$(PROJECT_DIR)/FFmpegOpencvSpike/Vendor/ffmpeg/lib",
				);
				PRODUCT_BUNDLE_IDENTIFIER = com.bearch.FFmpegOpencvSpike;
				PRODUCT_NAME = "$(TARGET_NAME)";
				SWIFT_OBJC_BRIDGING_HEADER = "FFmpegOpencvSpike/FFmpegOpencvSpike-Bridging-Header.h";
			};
			name = Release;
		};
		3669D2ED1BFB6A2E00A8C463 /* Debug */ = {
			isa = XCBuildConfiguration;
			buildSettings = {
				BUNDLE_LOADER = "$(TEST_HOST)";
				INFOPLIST_FILE = FFmpegOpencvSpikeTests/Info.plist;
				LD_RUNPATH_SEARCH_PATHS = "$(inherited) @executable_path/Frameworks @loader_path/Frameworks";
				PRODUCT_BUNDLE_IDENTIFIER = com.bearch.FFmpegOpencvSpikeTests;
				PRODUCT_NAME = "$(TARGET_NAME)";
				TEST_HOST = "$(BUILT_PRODUCTS_DIR)/FFmpegOpencvSpike.app/FFmpegOpencvSpike";
			};
			name = Debug;
		};
		3669D2EE1BFB6A2E00A8C463 /* Release */ = {
			isa = XCBuildConfiguration;
			buildSettings = {
				BUNDLE_LOADER = "$(TEST_HOST)";
				INFOPLIST_FILE = FFmpegOpencvSpikeTests/Info.plist;
				LD_RUNPATH_SEARCH_PATHS = "$(inherited) @executable_path/Frameworks @loader_path/Frameworks";
				PRODUCT_BUNDLE_IDENTIFIER = com.bearch.FFmpegOpencvSpikeTests;
				PRODUCT_NAME = "$(TARGET_NAME)";
				TEST_HOST = "$(BUILT_PRODUCTS_DIR)/FFmpegOpencvSpike.app/FFmpegOpencvSpike";
			};
			name = Release;
		};
		3669D2F01BFB6A2E00A8C463 /* Debug */ = {
			isa = XCBuildConfiguration;
			buildSettings = {
				INFOPLIST_FILE = FFmpegOpencvSpikeUITests/Info.plist;
				LD_RUNPATH_SEARCH_PATHS = "$(inherited) @executable_path/Frameworks @loader_path/Frameworks";
				PRODUCT_BUNDLE_IDENTIFIER = com.bearch.FFmpegOpencvSpikeUITests;
				PRODUCT_NAME = "$(TARGET_NAME)";
				TEST_TARGET_NAME = FFmpegOpencvSpike;
				USES_XCTRUNNER = YES;
			};
			name = Debug;
		};
		3669D2F11BFB6A2E00A8C463 /* Release */ = {
			isa = XCBuildConfiguration;
			buildSettings = {
				INFOPLIST_FILE = FFmpegOpencvSpikeUITests/Info.plist;
				LD_RUNPATH_SEARCH_PATHS = "$(inherited) @executable_path/Frameworks @loader_path/Frameworks";
				PRODUCT_BUNDLE_IDENTIFIER = com.bearch.FFmpegOpencvSpikeUITests;
				PRODUCT_NAME = "$(TARGET_NAME)";
				TEST_TARGET_NAME = FFmpegOpencvSpike;
				USES_XCTRUNNER = YES;
			};
			name = Release;
		};
/* End XCBuildConfiguration section */

/* Begin XCConfigurationList section */
		3669D2BC1BFB6A2E00A8C463 /* Build configuration list for PBXProject "FFmpegOpencvSpike" */ = {
			isa = XCConfigurationList;
			buildConfigurations = (
				3669D2E71BFB6A2E00A8C463 /* Debug */,
				3669D2E81BFB6A2E00A8C463 /* Release */,
			);
			defaultConfigurationIsVisible = 0;
			defaultConfigurationName = Release;
		};
		3669D2E91BFB6A2E00A8C463 /* Build configuration list for PBXNativeTarget "FFmpegOpencvSpike" */ = {
			isa = XCConfigurationList;
			buildConfigurations = (
				3669D2EA1BFB6A2E00A8C463 /* Debug */,
				3669D2EB1BFB6A2E00A8C463 /* Release */,
			);
			defaultConfigurationIsVisible = 0;
			defaultConfigurationName = Release;
		};
		3669D2EC1BFB6A2E00A8C463 /* Build configuration list for PBXNativeTarget "FFmpegOpencvSpikeTests" */ = {
			isa = XCConfigurationList;
			buildConfigurations = (
				3669D2ED1BFB6A2E00A8C463 /* Debug */,
				3669D2EE1BFB6A2E00A8C463 /* Release */,
			);
			defaultConfigurationIsVisible = 0;
			defaultConfigurationName = Release;
		};
		3669D2EF1BFB6A2E00A8C463 /* Build configuration list for PBXNativeTarget "FFmpegOpencvSpikeUITests" */ = {
			isa = XCConfigurationList;
			buildConfigurations = (
				3669D2F01BFB6A2E00A8C463 /* Debug */,
				3669D2F11BFB6A2E00A8C463 /* Release */,
			);
			defaultConfigurationIsVisible = 0;
			defaultConfigurationName = Release;
		};
/* End XCConfigurationList section */
	};
	rootObject = 3669D2B91BFB6A2E00A8C463 /* Project object */;
}
